PODS:
  - Alamofire (5.2.2)
  - ReachabilitySwift (4.3.1)
  - RxCocoa (5.1.1):
    - RxRelay (~> 5)
    - RxSwift (~> 5)
  - RxReachability (1.0.0):
    - ReachabilitySwift (~> 4.3.1)
    - RxCocoa (~> 5)
    - RxSwift (~> 5)
  - RxRelay (5.1.1):
    - RxSwift (~> 5)
  - RxSwift (5.1.1)
  - Toast-Swift (5.0.1)
  - "UITextView+Placeholder (1.4.0)"

DEPENDENCIES:
  - Alamofire
  - RxCocoa
  - RxReachability
  - RxSwift
  - Toast-Swift
  - "UITextView+Placeholder"

SPEC REPOS:
  trunk:
    - Alamofire
    - ReachabilitySwift
    - RxCocoa
    - RxReachability
    - RxRelay
    - RxSwift
    - Toast-Swift
    - "UITextView+Placeholder"

SPEC CHECKSUMS:
  Alamofire: 814429acc853c6c54ff123fc3d2ef66803823ce0
  ReachabilitySwift: 4032e2f59586e11e3b0ebe15b167abdd587a388b
  RxCocoa: 32065309a38d29b5b0db858819b5bf9ef038b601
  RxReachability: 21d3e96f39bc166a21c357e923f47dec148ca97b
  RxRelay: d77f7d771495f43c556cbc43eebd1bb54d01e8e9
  RxSwift: 81470a2074fa8780320ea5fe4102807cb7118178
  Toast-Swift: 9b6a70f28b3bf0b96c40d46c0c4b9d6639846711
  "UITextView+Placeholder": d7b0c400921f66523f3a85d74f774512e14f6502

PODFILE CHECKSUM: 2d3477b5c2fae3e02436ee246eca8808a13d39eb

COCOAPODS: 1.9.3
