// !$*UTF8*$!
{
	archiveVersion = 1;
	classes = {
	};
	objectVersion = 51;
	objects = {

/* Begin PBXBuildFile section */
		0301EE9C253F4CB900D8D369 /* HomeUseCase.swift in Sources */ = {isa = PBXBuildFile; fileRef = 0301EE9B253F4CB800D8D369 /* HomeUseCase.swift */; };
		0301EEA8253F509100D8D369 /* PizzaMakerOptionsSelectorVC.swift in Sources */ = {isa = PBXBuildFile; fileRef = 0301EEA6253F509100D8D369 /* PizzaMakerOptionsSelectorVC.swift */; };
		0301EEA9253F509100D8D369 /* PizzaMakerOptionsSelectorVC.xib in Resources */ = {isa = PBXBuildFile; fileRef = 0301EEA7253F509100D8D369 /* PizzaMakerOptionsSelectorVC.xib */; };
		0301EEB1253F516C00D8D369 /* PizzaMakerVC.swift in Sources */ = {isa = PBXBuildFile; fileRef = 0301EEAF253F516C00D8D369 /* PizzaMakerVC.swift */; };
		0301EEB2253F516C00D8D369 /* PizzaMakerVC.xib in Resources */ = {isa = PBXBuildFile; fileRef = 0301EEB0253F516C00D8D369 /* PizzaMakerVC.xib */; };
		0301EEC5253F51F000D8D369 /* PizzaMakerOptionsSelectorViewModel.swift in Sources */ = {isa = PBXBuildFile; fileRef = 0301EEC4253F51F000D8D369 /* PizzaMakerOptionsSelectorViewModel.swift */; };
		0301EEC9253F520400D8D369 /* PizzaMakerViewModel.swift in Sources */ = {isa = PBXBuildFile; fileRef = 0301EEC0253F51A500D8D369 /* PizzaMakerViewModel.swift */; };
		0301EECE253F522D00D8D369 /* PizzaNavigator.swift in Sources */ = {isa = PBXBuildFile; fileRef = 0301EECD253F522D00D8D369 /* PizzaNavigator.swift */; };
		0301EED4253F61C600D8D369 /* PizzaOptions.swift in Sources */ = {isa = PBXBuildFile; fileRef = 0301EED3253F61C600D8D369 /* PizzaOptions.swift */; };
		0301EEDC253F64F300D8D369 /* PizzaOptionsViewModel.swift in Sources */ = {isa = PBXBuildFile; fileRef = 0301EEDB253F64F300D8D369 /* PizzaOptionsViewModel.swift */; };
		0301EEE4253F674400D8D369 /* CategoryCell.swift in Sources */ = {isa = PBXBuildFile; fileRef = 0301EEE2253F674400D8D369 /* CategoryCell.swift */; };
		0301EEE5253F674400D8D369 /* CategoryCell.xib in Resources */ = {isa = PBXBuildFile; fileRef = 0301EEE3253F674400D8D369 /* CategoryCell.xib */; };
		0301EEEF253F675100D8D369 /* ItemCell.swift in Sources */ = {isa = PBXBuildFile; fileRef = 0301EEED253F675100D8D369 /* ItemCell.swift */; };
		0301EEF0253F675100D8D369 /* ItemCell.xib in Resources */ = {isa = PBXBuildFile; fileRef = 0301EEEE253F675100D8D369 /* ItemCell.xib */; };
		0301EEF9253F689500D8D369 /* CategoriesDataSource.swift in Sources */ = {isa = PBXBuildFile; fileRef = 0301EEF8253F689500D8D369 /* CategoriesDataSource.swift */; };
		0301EEFE253F68BB00D8D369 /* CategoriesItemsDataSource.swift in Sources */ = {isa = PBXBuildFile; fileRef = 0301EEFD253F68BB00D8D369 /* CategoriesItemsDataSource.swift */; };
		034047F6253B6FD90032A79F /* PizzaButton.swift in Sources */ = {isa = PBXBuildFile; fileRef = 034047F5253B6FD90032A79F /* PizzaButton.swift */; };
		034047FB253B727F0032A79F /* UIStackView+Extensions.swift in Sources */ = {isa = PBXBuildFile; fileRef = 034047FA253B727F0032A79F /* UIStackView+Extensions.swift */; };
		03404801253B73850032A79F /* Cart.storyboard in Resources */ = {isa = PBXBuildFile; fileRef = 03404800253B73850032A79F /* Cart.storyboard */; };
		03404806253B73A80032A79F /* CartViewController.swift in Sources */ = {isa = PBXBuildFile; fileRef = 03404805253B73A80032A79F /* CartViewController.swift */; };
		0340480B253B73DD0032A79F /* CartNavigator.swift in Sources */ = {isa = PBXBuildFile; fileRef = 0340480A253B73DD0032A79F /* CartNavigator.swift */; };
		03404810253B73FC0032A79F /* CartViewModel.swift in Sources */ = {isa = PBXBuildFile; fileRef = 0340480F253B73FC0032A79F /* CartViewModel.swift */; };
		03404815253B74870032A79F /* AppStoryboard.swift in Sources */ = {isa = PBXBuildFile; fileRef = 03404814253B74870032A79F /* AppStoryboard.swift */; };
		0361B4C92537651000FFEF05 /* AppDelegate.swift in Sources */ = {isa = PBXBuildFile; fileRef = 0361B4C82537651000FFEF05 /* AppDelegate.swift */; };
		0361B4D22537651200FFEF05 /* Assets.xcassets in Resources */ = {isa = PBXBuildFile; fileRef = 0361B4D12537651200FFEF05 /* Assets.xcassets */; };
		0361B4D52537651200FFEF05 /* LaunchScreen.storyboard in Resources */ = {isa = PBXBuildFile; fileRef = 0361B4D32537651200FFEF05 /* LaunchScreen.storyboard */; };
		0361B4E02537651300FFEF05 /* PizzaWorldTests.swift in Sources */ = {isa = PBXBuildFile; fileRef = 0361B4DF2537651300FFEF05 /* PizzaWorldTests.swift */; };
		0361B4EB2537651300FFEF05 /* PizzaWorldUITests.swift in Sources */ = {isa = PBXBuildFile; fileRef = 0361B4EA2537651300FFEF05 /* PizzaWorldUITests.swift */; };
		0361B50C2537670A00FFEF05 /* HomeViewController.swift in Sources */ = {isa = PBXBuildFile; fileRef = 0361B50A2537670A00FFEF05 /* HomeViewController.swift */; };
		0361B50D2537670A00FFEF05 /* HomeViewController.xib in Resources */ = {isa = PBXBuildFile; fileRef = 0361B50B2537670A00FFEF05 /* HomeViewController.xib */; };
		0361B51B25376C1900FFEF05 /* SliderCell.swift in Sources */ = {isa = PBXBuildFile; fileRef = 0361B51925376C1900FFEF05 /* SliderCell.swift */; };
		0361B51C25376C1900FFEF05 /* SliderCell.xib in Resources */ = {isa = PBXBuildFile; fileRef = 0361B51A25376C1900FFEF05 /* SliderCell.xib */; };
		0361B52125376DF800FFEF05 /* UICollectionView+Extensions.swift in Sources */ = {isa = PBXBuildFile; fileRef = 0361B52025376DF800FFEF05 /* UICollectionView+Extensions.swift */; };
		0361B5262537704900FFEF05 /* UIView+Extensions.swift in Sources */ = {isa = PBXBuildFile; fileRef = 0361B5252537704900FFEF05 /* UIView+Extensions.swift */; };
		0361B52E253777DC00FFEF05 /* RatingView.swift in Sources */ = {isa = PBXBuildFile; fileRef = 0361B52D253777DC00FFEF05 /* RatingView.swift */; };
		0361B53C253785AD00FFEF05 /* HomeViewModel.swift in Sources */ = {isa = PBXBuildFile; fileRef = 0361B53B253785AD00FFEF05 /* HomeViewModel.swift */; };
		0361B5562538B39C00FFEF05 /* PopularCell.swift in Sources */ = {isa = PBXBuildFile; fileRef = 0361B5542538B39C00FFEF05 /* PopularCell.swift */; };
		0361B5572538B39C00FFEF05 /* PopularCell.xib in Resources */ = {isa = PBXBuildFile; fileRef = 0361B5552538B39C00FFEF05 /* PopularCell.xib */; };
		0361B55C2538B7B900FFEF05 /* UITableView+Extensions.swift in Sources */ = {isa = PBXBuildFile; fileRef = 0361B55B2538B7B900FFEF05 /* UITableView+Extensions.swift */; };
		0361B5622538B7FD00FFEF05 /* Product.swift in Sources */ = {isa = PBXBuildFile; fileRef = 0361B5612538B7FD00FFEF05 /* Product.swift */; };
		0361B56E2538BB4E00FFEF05 /* CustomTabBarController.swift in Sources */ = {isa = PBXBuildFile; fileRef = 0361B56D2538BB4E00FFEF05 /* CustomTabBarController.swift */; };
		0361B5762538BF4600FFEF05 /* CustomTabBar.swift in Sources */ = {isa = PBXBuildFile; fileRef = 0361B5752538BF4600FFEF05 /* CustomTabBar.swift */; };
		0361B57B2538C12D00FFEF05 /* UIColor+Extensions.swift in Sources */ = {isa = PBXBuildFile; fileRef = 0361B57A2538C12D00FFEF05 /* UIColor+Extensions.swift */; };
		0361B5812538C6A600FFEF05 /* AppCoordinator.swift in Sources */ = {isa = PBXBuildFile; fileRef = 0361B5802538C6A600FFEF05 /* AppCoordinator.swift */; };
		0361B58A2538C8F900FFEF05 /* MainNavigator.swift in Sources */ = {isa = PBXBuildFile; fileRef = 0361B5892538C8F900FFEF05 /* MainNavigator.swift */; };
		0361B5932538C90B00FFEF05 /* Navigator.swift in Sources */ = {isa = PBXBuildFile; fileRef = 0361B5922538C90B00FFEF05 /* Navigator.swift */; };
		0361B59B2538CED600FFEF05 /* BaseWireframe.swift in Sources */ = {isa = PBXBuildFile; fileRef = 0361B59A2538CED600FFEF05 /* BaseWireframe.swift */; };
		0361B5AA2538DEB600FFEF05 /* ItemDetailsViewController.swift in Sources */ = {isa = PBXBuildFile; fileRef = 0361B5A82538DEB600FFEF05 /* ItemDetailsViewController.swift */; };
		0361B5AB2538DEB600FFEF05 /* ItemDetailsViewController.xib in Resources */ = {isa = PBXBuildFile; fileRef = 0361B5A92538DEB600FFEF05 /* ItemDetailsViewController.xib */; };
		0361B5B32538DECE00FFEF05 /* ItemDetailsViewModel.swift in Sources */ = {isa = PBXBuildFile; fileRef = 0361B5B22538DECE00FFEF05 /* ItemDetailsViewModel.swift */; };
		0361B5B92538E5DA00FFEF05 /* ProductViewModel.swift in Sources */ = {isa = PBXBuildFile; fileRef = 0361B5B82538E5DA00FFEF05 /* ProductViewModel.swift */; };
		0368C5CA253B7D9E00EFFD39 /* CartHeaderCell.swift in Sources */ = {isa = PBXBuildFile; fileRef = 0368C5C8253B7D9E00EFFD39 /* CartHeaderCell.swift */; };
		0368C5CB253B7D9E00EFFD39 /* CartHeaderCell.xib in Resources */ = {isa = PBXBuildFile; fileRef = 0368C5C9253B7D9E00EFFD39 /* CartHeaderCell.xib */; };
		0368C5D4253B7DCB00EFFD39 /* CartItemCell.swift in Sources */ = {isa = PBXBuildFile; fileRef = 0368C5D2253B7DCB00EFFD39 /* CartItemCell.swift */; };
		0368C5D5253B7DCB00EFFD39 /* CartItemCell.xib in Resources */ = {isa = PBXBuildFile; fileRef = 0368C5D3253B7DCB00EFFD39 /* CartItemCell.xib */; };
		0368C5DB253B7DE800EFFD39 /* CartTotalFooterCell.swift in Sources */ = {isa = PBXBuildFile; fileRef = 0368C5D9253B7DE800EFFD39 /* CartTotalFooterCell.swift */; };
		0368C5DC253B7DE800EFFD39 /* CartTotalFooterCell.xib in Resources */ = {isa = PBXBuildFile; fileRef = 0368C5DA253B7DE800EFFD39 /* CartTotalFooterCell.xib */; };
		0368C5E7253B81F300EFFD39 /* CartItem.swift in Sources */ = {isa = PBXBuildFile; fileRef = 0368C5E6253B81F300EFFD39 /* CartItem.swift */; };
		0368C5EC253B829A00EFFD39 /* CartItemViewModel.swift in Sources */ = {isa = PBXBuildFile; fileRef = 0368C5EB253B829A00EFFD39 /* CartItemViewModel.swift */; };
		0368C5F2253B83BA00EFFD39 /* CartManager.swift in Sources */ = {isa = PBXBuildFile; fileRef = 0368C5F1253B83BA00EFFD39 /* CartManager.swift */; };
		0368C5F7253B8A2900EFFD39 /* CartHeaderViewModel.swift in Sources */ = {isa = PBXBuildFile; fileRef = 0368C5F6253B8A2900EFFD39 /* CartHeaderViewModel.swift */; };
		0368C731253E049D00EFFD39 /* MainRouter.swift in Sources */ = {isa = PBXBuildFile; fileRef = 0368C730253E049D00EFFD39 /* MainRouter.swift */; };
		0368C739253E067600EFFD39 /* NetworkConstants.swift in Sources */ = {isa = PBXBuildFile; fileRef = 0368C738253E067600EFFD39 /* NetworkConstants.swift */; };
		0368C744253E0BA700EFFD39 /* NetworkClient.swift in Sources */ = {isa = PBXBuildFile; fileRef = 0368C743253E0BA700EFFD39 /* NetworkClient.swift */; };
		0368C74A253E0C0A00EFFD39 /* APIRouter.swift in Sources */ = {isa = PBXBuildFile; fileRef = 0368C749253E0C0A00EFFD39 /* APIRouter.swift */; };
		0368C74F253E0CE000EFFD39 /* Slider.swift in Sources */ = {isa = PBXBuildFile; fileRef = 0368C74E253E0CE000EFFD39 /* Slider.swift */; };
		0368C755253E103C00EFFD39 /* ResponseObject.swift in Sources */ = {isa = PBXBuildFile; fileRef = 0368C754253E103C00EFFD39 /* ResponseObject.swift */; };
		0368C75A253E124000EFFD39 /* SliderViewModel.swift in Sources */ = {isa = PBXBuildFile; fileRef = 0368C759253E124000EFFD39 /* SliderViewModel.swift */; };
		0368C75F253E147000EFFD39 /* FeedRouter.swift in Sources */ = {isa = PBXBuildFile; fileRef = 0368C75E253E147000EFFD39 /* FeedRouter.swift */; };
		0368C767253E25B000EFFD39 /* HomeRepository.swift in Sources */ = {isa = PBXBuildFile; fileRef = 0368C766253E25B000EFFD39 /* HomeRepository.swift */; };
		0368C76F253E2B4A00EFFD39 /* BaseViewModel.swift in Sources */ = {isa = PBXBuildFile; fileRef = 0368C76E253E2B4A00EFFD39 /* BaseViewModel.swift */; };
		03959229253F747900AF9B1C /* PizzaRouter.swift in Sources */ = {isa = PBXBuildFile; fileRef = 03959228253F747900AF9B1C /* PizzaRouter.swift */; };
		0395922E253F74AE00AF9B1C /* PizzaRepository.swift in Sources */ = {isa = PBXBuildFile; fileRef = 0395922D253F74AE00AF9B1C /* PizzaRepository.swift */; };
		03959233253F77B800AF9B1C /* PizzaCategory.swift in Sources */ = {isa = PBXBuildFile; fileRef = 03959232253F77B800AF9B1C /* PizzaCategory.swift */; };
		0395923B253F78D400AF9B1C /* PizzaCategoryViewModel.swift in Sources */ = {isa = PBXBuildFile; fileRef = 0395923A253F78D400AF9B1C /* PizzaCategoryViewModel.swift */; };
		0395924F253F7EFC00AF9B1C /* PizzaCategoryItemViewModel.swift in Sources */ = {isa = PBXBuildFile; fileRef = 0395924E253F7EFC00AF9B1C /* PizzaCategoryItemViewModel.swift */; };
		03DD522E253B599700D2ADB7 /* SizesSelectorView.swift in Sources */ = {isa = PBXBuildFile; fileRef = 03DD522D253B599700D2ADB7 /* SizesSelectorView.swift */; };
		03DD5236253B59BC00D2ADB7 /* SizesSelectorView.xib in Resources */ = {isa = PBXBuildFile; fileRef = 03DD5235253B59BC00D2ADB7 /* SizesSelectorView.xib */; };
		03DD523B253B5A3900D2ADB7 /* NibLoadingView.swift in Sources */ = {isa = PBXBuildFile; fileRef = 03DD523A253B5A3900D2ADB7 /* NibLoadingView.swift */; };
		03DD5240253B5C6400D2ADB7 /* SizesSelectorViewModel.swift in Sources */ = {isa = PBXBuildFile; fileRef = 03DD523F253B5C6400D2ADB7 /* SizesSelectorViewModel.swift */; };
		03DD5245253B5D0C00D2ADB7 /* Size.swift in Sources */ = {isa = PBXBuildFile; fileRef = 03DD5244253B5D0C00D2ADB7 /* Size.swift */; };
		03DD524C253B5EBE00D2ADB7 /* SizeItemCell.swift in Sources */ = {isa = PBXBuildFile; fileRef = 03DD524A253B5EBE00D2ADB7 /* SizeItemCell.swift */; };
		03DD524D253B5EBE00D2ADB7 /* SizeItemCell.xib in Resources */ = {isa = PBXBuildFile; fileRef = 03DD524B253B5EBE00D2ADB7 /* SizeItemCell.xib */; };
		03DD5255253B635D00D2ADB7 /* SizeItemCellViewModel.swift in Sources */ = {isa = PBXBuildFile; fileRef = 03DD5254253B635D00D2ADB7 /* SizeItemCellViewModel.swift */; };
		03DD525E253B675E00D2ADB7 /* QuantityView.swift in Sources */ = {isa = PBXBuildFile; fileRef = 03DD525D253B675E00D2ADB7 /* QuantityView.swift */; };
		03DD5266253B676700D2ADB7 /* QuantityView.xib in Resources */ = {isa = PBXBuildFile; fileRef = 03DD5265253B676700D2ADB7 /* QuantityView.xib */; };
		03DD526C253B69F700D2ADB7 /* PIZZATextView.swift in Sources */ = {isa = PBXBuildFile; fileRef = 03DD526B253B69F700D2ADB7 /* PIZZATextView.swift */; };
		03DD5271253B6A0500D2ADB7 /* PIZZATextView.xib in Resources */ = {isa = PBXBuildFile; fileRef = 03DD5270253B6A0500D2ADB7 /* PIZZATextView.xib */; };
		03DD5282253B6B1300D2ADB7 /* PizzaOptionsView.swift in Sources */ = {isa = PBXBuildFile; fileRef = 03DD5281253B6B1300D2ADB7 /* PizzaOptionsView.swift */; };
		03DD528A253B6B1B00D2ADB7 /* PizzaOptionsView.xib in Resources */ = {isa = PBXBuildFile; fileRef = 03DD5289253B6B1B00D2ADB7 /* PizzaOptionsView.xib */; };
		BB1D742EEF500475BE6C1F1D /* Pods_PizzaWorldTests.framework in Frameworks */ = {isa = PBXBuildFile; fileRef = 61FBF7E9847121E225B4775F /* Pods_PizzaWorldTests.framework */; };
		C005A28DAA3B5FCF4B33C127 /* Pods_PizzaWorld.framework in Frameworks */ = {isa = PBXBuildFile; fileRef = 08EAFF7C89BE3DA80964B8D1 /* Pods_PizzaWorld.framework */; };
		DBB2C835F623DFC272B3A3E5 /* Pods_PizzaWorld_PizzaWorldUITests.framework in Frameworks */ = {isa = PBXBuildFile; fileRef = E77EF33A5EC7A4C8AFA32CF4 /* Pods_PizzaWorld_PizzaWorldUITests.framework */; };
/* End PBXBuildFile section */

/* Begin PBXContainerItemProxy section */
		0361B4DC2537651300FFEF05 /* PBXContainerItemProxy */ = {
			isa = PBXContainerItemProxy;
			containerPortal = 0361B4BD2537651000FFEF05 /* Project object */;
			proxyType = 1;
			remoteGlobalIDString = 0361B4C42537651000FFEF05;
			remoteInfo = PizzaWorld;
		};
		0361B4E72537651300FFEF05 /* PBXContainerItemProxy */ = {
			isa = PBXContainerItemProxy;
			containerPortal = 0361B4BD2537651000FFEF05 /* Project object */;
			proxyType = 1;
			remoteGlobalIDString = 0361B4C42537651000FFEF05;
			remoteInfo = PizzaWorld;
		};
/* End PBXContainerItemProxy section */

/* Begin PBXFileReference section */
		0301EE9B253F4CB800D8D369 /* HomeUseCase.swift */ = {isa = PBXFileReference; lastKnownFileType = sourcecode.swift; path = HomeUseCase.swift; sourceTree = "<group>"; };
		0301EEA6253F509100D8D369 /* PizzaMakerOptionsSelectorVC.swift */ = {isa = PBXFileReference; lastKnownFileType = sourcecode.swift; path = PizzaMakerOptionsSelectorVC.swift; sourceTree = "<group>"; };
		0301EEA7253F509100D8D369 /* PizzaMakerOptionsSelectorVC.xib */ = {isa = PBXFileReference; lastKnownFileType = file.xib; path = PizzaMakerOptionsSelectorVC.xib; sourceTree = "<group>"; };
		0301EEAF253F516C00D8D369 /* PizzaMakerVC.swift */ = {isa = PBXFileReference; lastKnownFileType = sourcecode.swift; path = PizzaMakerVC.swift; sourceTree = "<group>"; };
		0301EEB0253F516C00D8D369 /* PizzaMakerVC.xib */ = {isa = PBXFileReference; lastKnownFileType = file.xib; path = PizzaMakerVC.xib; sourceTree = "<group>"; };
		0301EEC0253F51A500D8D369 /* PizzaMakerViewModel.swift */ = {isa = PBXFileReference; lastKnownFileType = sourcecode.swift; path = PizzaMakerViewModel.swift; sourceTree = "<group>"; };
		0301EEC4253F51F000D8D369 /* PizzaMakerOptionsSelectorViewModel.swift */ = {isa = PBXFileReference; fileEncoding = 4; lastKnownFileType = sourcecode.swift; path = PizzaMakerOptionsSelectorViewModel.swift; sourceTree = "<group>"; };
		0301EECD253F522D00D8D369 /* PizzaNavigator.swift */ = {isa = PBXFileReference; fileEncoding = 4; lastKnownFileType = sourcecode.swift; path = PizzaNavigator.swift; sourceTree = "<group>"; };
		0301EED3253F61C600D8D369 /* PizzaOptions.swift */ = {isa = PBXFileReference; lastKnownFileType = sourcecode.swift; path = PizzaOptions.swift; sourceTree = "<group>"; };
		0301EEDB253F64F300D8D369 /* PizzaOptionsViewModel.swift */ = {isa = PBXFileReference; lastKnownFileType = sourcecode.swift; path = PizzaOptionsViewModel.swift; sourceTree = "<group>"; };
		0301EEE2253F674400D8D369 /* CategoryCell.swift */ = {isa = PBXFileReference; lastKnownFileType = sourcecode.swift; path = CategoryCell.swift; sourceTree = "<group>"; };
		0301EEE3253F674400D8D369 /* CategoryCell.xib */ = {isa = PBXFileReference; lastKnownFileType = file.xib; path = CategoryCell.xib; sourceTree = "<group>"; };
		0301EEED253F675100D8D369 /* ItemCell.swift */ = {isa = PBXFileReference; lastKnownFileType = sourcecode.swift; path = ItemCell.swift; sourceTree = "<group>"; };
		0301EEEE253F675100D8D369 /* ItemCell.xib */ = {isa = PBXFileReference; lastKnownFileType = file.xib; path = ItemCell.xib; sourceTree = "<group>"; };
		0301EEF8253F689500D8D369 /* CategoriesDataSource.swift */ = {isa = PBXFileReference; lastKnownFileType = sourcecode.swift; path = CategoriesDataSource.swift; sourceTree = "<group>"; };
		0301EEFD253F68BB00D8D369 /* CategoriesItemsDataSource.swift */ = {isa = PBXFileReference; fileEncoding = 4; lastKnownFileType = sourcecode.swift; path = CategoriesItemsDataSource.swift; sourceTree = "<group>"; };
		034047F5253B6FD90032A79F /* PizzaButton.swift */ = {isa = PBXFileReference; lastKnownFileType = sourcecode.swift; path = PizzaButton.swift; sourceTree = "<group>"; };
		034047FA253B727F0032A79F /* UIStackView+Extensions.swift */ = {isa = PBXFileReference; lastKnownFileType = sourcecode.swift; path = "UIStackView+Extensions.swift"; sourceTree = "<group>"; };
		03404800253B73850032A79F /* Cart.storyboard */ = {isa = PBXFileReference; lastKnownFileType = file.storyboard; path = Cart.storyboard; sourceTree = "<group>"; };
		03404805253B73A80032A79F /* CartViewController.swift */ = {isa = PBXFileReference; lastKnownFileType = sourcecode.swift; path = CartViewController.swift; sourceTree = "<group>"; };
		0340480A253B73DD0032A79F /* CartNavigator.swift */ = {isa = PBXFileReference; lastKnownFileType = sourcecode.swift; path = CartNavigator.swift; sourceTree = "<group>"; };
		0340480F253B73FC0032A79F /* CartViewModel.swift */ = {isa = PBXFileReference; lastKnownFileType = sourcecode.swift; path = CartViewModel.swift; sourceTree = "<group>"; };
		03404814253B74870032A79F /* AppStoryboard.swift */ = {isa = PBXFileReference; lastKnownFileType = sourcecode.swift; path = AppStoryboard.swift; sourceTree = "<group>"; };
		0361B4C52537651000FFEF05 /* PizzaWorld.app */ = {isa = PBXFileReference; explicitFileType = wrapper.application; includeInIndex = 0; path = PizzaWorld.app; sourceTree = BUILT_PRODUCTS_DIR; };
		0361B4C82537651000FFEF05 /* AppDelegate.swift */ = {isa = PBXFileReference; lastKnownFileType = sourcecode.swift; path = AppDelegate.swift; sourceTree = "<group>"; };
		0361B4D12537651200FFEF05 /* Assets.xcassets */ = {isa = PBXFileReference; lastKnownFileType = folder.assetcatalog; path = Assets.xcassets; sourceTree = "<group>"; };
		0361B4D42537651200FFEF05 /* Base */ = {isa = PBXFileReference; lastKnownFileType = file.storyboard; name = Base; path = Base.lproj/LaunchScreen.storyboard; sourceTree = "<group>"; };
		0361B4D62537651200FFEF05 /* Info.plist */ = {isa = PBXFileReference; lastKnownFileType = text.plist.xml; path = Info.plist; sourceTree = "<group>"; };
		0361B4DB2537651300FFEF05 /* PizzaWorldTests.xctest */ = {isa = PBXFileReference; explicitFileType = wrapper.cfbundle; includeInIndex = 0; path = PizzaWorldTests.xctest; sourceTree = BUILT_PRODUCTS_DIR; };
		0361B4DF2537651300FFEF05 /* PizzaWorldTests.swift */ = {isa = PBXFileReference; lastKnownFileType = sourcecode.swift; path = PizzaWorldTests.swift; sourceTree = "<group>"; };
		0361B4E12537651300FFEF05 /* Info.plist */ = {isa = PBXFileReference; lastKnownFileType = text.plist.xml; path = Info.plist; sourceTree = "<group>"; };
		0361B4E62537651300FFEF05 /* PizzaWorldUITests.xctest */ = {isa = PBXFileReference; explicitFileType = wrapper.cfbundle; includeInIndex = 0; path = PizzaWorldUITests.xctest; sourceTree = BUILT_PRODUCTS_DIR; };
		0361B4EA2537651300FFEF05 /* PizzaWorldUITests.swift */ = {isa = PBXFileReference; lastKnownFileType = sourcecode.swift; path = PizzaWorldUITests.swift; sourceTree = "<group>"; };
		0361B4EC2537651300FFEF05 /* Info.plist */ = {isa = PBXFileReference; lastKnownFileType = text.plist.xml; path = Info.plist; sourceTree = "<group>"; };
		0361B50A2537670A00FFEF05 /* HomeViewController.swift */ = {isa = PBXFileReference; lastKnownFileType = sourcecode.swift; path = HomeViewController.swift; sourceTree = "<group>"; };
		0361B50B2537670A00FFEF05 /* HomeViewController.xib */ = {isa = PBXFileReference; lastKnownFileType = file.xib; path = HomeViewController.xib; sourceTree = "<group>"; };
		0361B51925376C1900FFEF05 /* SliderCell.swift */ = {isa = PBXFileReference; lastKnownFileType = sourcecode.swift; path = SliderCell.swift; sourceTree = "<group>"; };
		0361B51A25376C1900FFEF05 /* SliderCell.xib */ = {isa = PBXFileReference; lastKnownFileType = file.xib; path = SliderCell.xib; sourceTree = "<group>"; };
		0361B52025376DF800FFEF05 /* UICollectionView+Extensions.swift */ = {isa = PBXFileReference; lastKnownFileType = sourcecode.swift; path = "UICollectionView+Extensions.swift"; sourceTree = "<group>"; };
		0361B5252537704900FFEF05 /* UIView+Extensions.swift */ = {isa = PBXFileReference; lastKnownFileType = sourcecode.swift; path = "UIView+Extensions.swift"; sourceTree = "<group>"; };
		0361B52D253777DC00FFEF05 /* RatingView.swift */ = {isa = PBXFileReference; lastKnownFileType = sourcecode.swift; path = RatingView.swift; sourceTree = "<group>"; };
		0361B53B253785AD00FFEF05 /* HomeViewModel.swift */ = {isa = PBXFileReference; lastKnownFileType = sourcecode.swift; path = HomeViewModel.swift; sourceTree = "<group>"; };
		0361B5542538B39C00FFEF05 /* PopularCell.swift */ = {isa = PBXFileReference; lastKnownFileType = sourcecode.swift; path = PopularCell.swift; sourceTree = "<group>"; };
		0361B5552538B39C00FFEF05 /* PopularCell.xib */ = {isa = PBXFileReference; lastKnownFileType = file.xib; path = PopularCell.xib; sourceTree = "<group>"; };
		0361B55B2538B7B900FFEF05 /* UITableView+Extensions.swift */ = {isa = PBXFileReference; lastKnownFileType = sourcecode.swift; path = "UITableView+Extensions.swift"; sourceTree = "<group>"; };
		0361B5612538B7FD00FFEF05 /* Product.swift */ = {isa = PBXFileReference; lastKnownFileType = sourcecode.swift; path = Product.swift; sourceTree = "<group>"; };
		0361B56D2538BB4E00FFEF05 /* CustomTabBarController.swift */ = {isa = PBXFileReference; lastKnownFileType = sourcecode.swift; path = CustomTabBarController.swift; sourceTree = "<group>"; };
		0361B5752538BF4600FFEF05 /* CustomTabBar.swift */ = {isa = PBXFileReference; lastKnownFileType = sourcecode.swift; path = CustomTabBar.swift; sourceTree = "<group>"; };
		0361B57A2538C12D00FFEF05 /* UIColor+Extensions.swift */ = {isa = PBXFileReference; lastKnownFileType = sourcecode.swift; path = "UIColor+Extensions.swift"; sourceTree = "<group>"; };
		0361B5802538C6A600FFEF05 /* AppCoordinator.swift */ = {isa = PBXFileReference; lastKnownFileType = sourcecode.swift; path = AppCoordinator.swift; sourceTree = "<group>"; };
		0361B5892538C8F900FFEF05 /* MainNavigator.swift */ = {isa = PBXFileReference; lastKnownFileType = sourcecode.swift; path = MainNavigator.swift; sourceTree = "<group>"; };
		0361B5922538C90B00FFEF05 /* Navigator.swift */ = {isa = PBXFileReference; lastKnownFileType = sourcecode.swift; path = Navigator.swift; sourceTree = "<group>"; };
		0361B59A2538CED600FFEF05 /* BaseWireframe.swift */ = {isa = PBXFileReference; lastKnownFileType = sourcecode.swift; path = BaseWireframe.swift; sourceTree = "<group>"; };
		0361B5A82538DEB600FFEF05 /* ItemDetailsViewController.swift */ = {isa = PBXFileReference; lastKnownFileType = sourcecode.swift; path = ItemDetailsViewController.swift; sourceTree = "<group>"; };
		0361B5A92538DEB600FFEF05 /* ItemDetailsViewController.xib */ = {isa = PBXFileReference; lastKnownFileType = file.xib; path = ItemDetailsViewController.xib; sourceTree = "<group>"; };
		0361B5B22538DECE00FFEF05 /* ItemDetailsViewModel.swift */ = {isa = PBXFileReference; lastKnownFileType = sourcecode.swift; path = ItemDetailsViewModel.swift; sourceTree = "<group>"; };
		0361B5B82538E5DA00FFEF05 /* ProductViewModel.swift */ = {isa = PBXFileReference; lastKnownFileType = sourcecode.swift; path = ProductViewModel.swift; sourceTree = "<group>"; };
		0368C5C8253B7D9E00EFFD39 /* CartHeaderCell.swift */ = {isa = PBXFileReference; lastKnownFileType = sourcecode.swift; path = CartHeaderCell.swift; sourceTree = "<group>"; };
		0368C5C9253B7D9E00EFFD39 /* CartHeaderCell.xib */ = {isa = PBXFileReference; lastKnownFileType = file.xib; path = CartHeaderCell.xib; sourceTree = "<group>"; };
		0368C5D2253B7DCB00EFFD39 /* CartItemCell.swift */ = {isa = PBXFileReference; lastKnownFileType = sourcecode.swift; path = CartItemCell.swift; sourceTree = "<group>"; };
		0368C5D3253B7DCB00EFFD39 /* CartItemCell.xib */ = {isa = PBXFileReference; lastKnownFileType = file.xib; path = CartItemCell.xib; sourceTree = "<group>"; };
		0368C5D9253B7DE800EFFD39 /* CartTotalFooterCell.swift */ = {isa = PBXFileReference; lastKnownFileType = sourcecode.swift; path = CartTotalFooterCell.swift; sourceTree = "<group>"; };
		0368C5DA253B7DE800EFFD39 /* CartTotalFooterCell.xib */ = {isa = PBXFileReference; lastKnownFileType = file.xib; path = CartTotalFooterCell.xib; sourceTree = "<group>"; };
		0368C5E6253B81F300EFFD39 /* CartItem.swift */ = {isa = PBXFileReference; lastKnownFileType = sourcecode.swift; path = CartItem.swift; sourceTree = "<group>"; };
		0368C5EB253B829A00EFFD39 /* CartItemViewModel.swift */ = {isa = PBXFileReference; lastKnownFileType = sourcecode.swift; path = CartItemViewModel.swift; sourceTree = "<group>"; };
		0368C5F1253B83BA00EFFD39 /* CartManager.swift */ = {isa = PBXFileReference; lastKnownFileType = sourcecode.swift; path = CartManager.swift; sourceTree = "<group>"; };
		0368C5F6253B8A2900EFFD39 /* CartHeaderViewModel.swift */ = {isa = PBXFileReference; lastKnownFileType = sourcecode.swift; path = CartHeaderViewModel.swift; sourceTree = "<group>"; };
		0368C730253E049D00EFFD39 /* MainRouter.swift */ = {isa = PBXFileReference; lastKnownFileType = sourcecode.swift; path = MainRouter.swift; sourceTree = "<group>"; };
		0368C738253E067600EFFD39 /* NetworkConstants.swift */ = {isa = PBXFileReference; lastKnownFileType = sourcecode.swift; path = NetworkConstants.swift; sourceTree = "<group>"; };
		0368C743253E0BA700EFFD39 /* NetworkClient.swift */ = {isa = PBXFileReference; lastKnownFileType = sourcecode.swift; path = NetworkClient.swift; sourceTree = "<group>"; };
		0368C749253E0C0A00EFFD39 /* APIRouter.swift */ = {isa = PBXFileReference; lastKnownFileType = sourcecode.swift; path = APIRouter.swift; sourceTree = "<group>"; };
		0368C74E253E0CE000EFFD39 /* Slider.swift */ = {isa = PBXFileReference; lastKnownFileType = sourcecode.swift; path = Slider.swift; sourceTree = "<group>"; };
		0368C754253E103C00EFFD39 /* ResponseObject.swift */ = {isa = PBXFileReference; lastKnownFileType = sourcecode.swift; path = ResponseObject.swift; sourceTree = "<group>"; };
		0368C759253E124000EFFD39 /* SliderViewModel.swift */ = {isa = PBXFileReference; lastKnownFileType = sourcecode.swift; path = SliderViewModel.swift; sourceTree = "<group>"; };
		0368C75E253E147000EFFD39 /* FeedRouter.swift */ = {isa = PBXFileReference; fileEncoding = 4; lastKnownFileType = sourcecode.swift; path = FeedRouter.swift; sourceTree = "<group>"; };
		0368C766253E25B000EFFD39 /* HomeRepository.swift */ = {isa = PBXFileReference; lastKnownFileType = sourcecode.swift; path = HomeRepository.swift; sourceTree = "<group>"; };
		0368C76E253E2B4A00EFFD39 /* BaseViewModel.swift */ = {isa = PBXFileReference; lastKnownFileType = sourcecode.swift; path = BaseViewModel.swift; sourceTree = "<group>"; };
		03959228253F747900AF9B1C /* PizzaRouter.swift */ = {isa = PBXFileReference; fileEncoding = 4; lastKnownFileType = sourcecode.swift; path = PizzaRouter.swift; sourceTree = "<group>"; };
		0395922D253F74AE00AF9B1C /* PizzaRepository.swift */ = {isa = PBXFileReference; fileEncoding = 4; lastKnownFileType = sourcecode.swift; path = PizzaRepository.swift; sourceTree = "<group>"; };
		03959232253F77B800AF9B1C /* PizzaCategory.swift */ = {isa = PBXFileReference; lastKnownFileType = sourcecode.swift; path = PizzaCategory.swift; sourceTree = "<group>"; };
		0395923A253F78D400AF9B1C /* PizzaCategoryViewModel.swift */ = {isa = PBXFileReference; lastKnownFileType = sourcecode.swift; path = PizzaCategoryViewModel.swift; sourceTree = "<group>"; };
		0395924E253F7EFC00AF9B1C /* PizzaCategoryItemViewModel.swift */ = {isa = PBXFileReference; fileEncoding = 4; lastKnownFileType = sourcecode.swift; path = PizzaCategoryItemViewModel.swift; sourceTree = "<group>"; };
		03DD522D253B599700D2ADB7 /* SizesSelectorView.swift */ = {isa = PBXFileReference; lastKnownFileType = sourcecode.swift; path = SizesSelectorView.swift; sourceTree = "<group>"; };
		03DD5235253B59BC00D2ADB7 /* SizesSelectorView.xib */ = {isa = PBXFileReference; lastKnownFileType = file.xib; path = SizesSelectorView.xib; sourceTree = "<group>"; };
		03DD523A253B5A3900D2ADB7 /* NibLoadingView.swift */ = {isa = PBXFileReference; lastKnownFileType = sourcecode.swift; path = NibLoadingView.swift; sourceTree = "<group>"; };
		03DD523F253B5C6400D2ADB7 /* SizesSelectorViewModel.swift */ = {isa = PBXFileReference; lastKnownFileType = sourcecode.swift; path = SizesSelectorViewModel.swift; sourceTree = "<group>"; };
		03DD5244253B5D0C00D2ADB7 /* Size.swift */ = {isa = PBXFileReference; lastKnownFileType = sourcecode.swift; path = Size.swift; sourceTree = "<group>"; };
		03DD524A253B5EBE00D2ADB7 /* SizeItemCell.swift */ = {isa = PBXFileReference; lastKnownFileType = sourcecode.swift; path = SizeItemCell.swift; sourceTree = "<group>"; };
		03DD524B253B5EBE00D2ADB7 /* SizeItemCell.xib */ = {isa = PBXFileReference; lastKnownFileType = file.xib; path = SizeItemCell.xib; sourceTree = "<group>"; };
		03DD5254253B635D00D2ADB7 /* SizeItemCellViewModel.swift */ = {isa = PBXFileReference; lastKnownFileType = sourcecode.swift; path = SizeItemCellViewModel.swift; sourceTree = "<group>"; };
		03DD525D253B675E00D2ADB7 /* QuantityView.swift */ = {isa = PBXFileReference; lastKnownFileType = sourcecode.swift; path = QuantityView.swift; sourceTree = "<group>"; };
		03DD5265253B676700D2ADB7 /* QuantityView.xib */ = {isa = PBXFileReference; lastKnownFileType = file.xib; path = QuantityView.xib; sourceTree = "<group>"; };
		03DD526B253B69F700D2ADB7 /* PIZZATextView.swift */ = {isa = PBXFileReference; lastKnownFileType = sourcecode.swift; path = PIZZATextView.swift; sourceTree = "<group>"; };
		03DD5270253B6A0500D2ADB7 /* PIZZATextView.xib */ = {isa = PBXFileReference; lastKnownFileType = file.xib; path = PIZZATextView.xib; sourceTree = "<group>"; };
		03DD5281253B6B1300D2ADB7 /* PizzaOptionsView.swift */ = {isa = PBXFileReference; lastKnownFileType = sourcecode.swift; path = PizzaOptionsView.swift; sourceTree = "<group>"; };
		03DD5289253B6B1B00D2ADB7 /* PizzaOptionsView.xib */ = {isa = PBXFileReference; lastKnownFileType = file.xib; path = PizzaOptionsView.xib; sourceTree = "<group>"; };
		08EAFF7C89BE3DA80964B8D1 /* Pods_PizzaWorld.framework */ = {isa = PBXFileReference; explicitFileType = wrapper.framework; includeInIndex = 0; path = Pods_PizzaWorld.framework; sourceTree = BUILT_PRODUCTS_DIR; };
		188CA497A2703D8B7D4DDD38 /* Pods-PizzaWorldTests.release.xcconfig */ = {isa = PBXFileReference; includeInIndex = 1; lastKnownFileType = text.xcconfig; name = "Pods-PizzaWorldTests.release.xcconfig"; path = "Target Support Files/Pods-PizzaWorldTests/Pods-PizzaWorldTests.release.xcconfig"; sourceTree = "<group>"; };
		61FBF7E9847121E225B4775F /* Pods_PizzaWorldTests.framework */ = {isa = PBXFileReference; explicitFileType = wrapper.framework; includeInIndex = 0; path = Pods_PizzaWorldTests.framework; sourceTree = BUILT_PRODUCTS_DIR; };
		900726FB76DC10A734BB6AC7 /* Pods-PizzaWorld-PizzaWorldUITests.release.xcconfig */ = {isa = PBXFileReference; includeInIndex = 1; lastKnownFileType = text.xcconfig; name = "Pods-PizzaWorld-PizzaWorldUITests.release.xcconfig"; path = "Target Support Files/Pods-PizzaWorld-PizzaWorldUITests/Pods-PizzaWorld-PizzaWorldUITests.release.xcconfig"; sourceTree = "<group>"; };
		B5FE2855CD8B4B5EAFCD04E9 /* Pods-PizzaWorld.release.xcconfig */ = {isa = PBXFileReference; includeInIndex = 1; lastKnownFileType = text.xcconfig; name = "Pods-PizzaWorld.release.xcconfig"; path = "Target Support Files/Pods-PizzaWorld/Pods-PizzaWorld.release.xcconfig"; sourceTree = "<group>"; };
		E68F0694B4B6364B1A0A4DEE /* Pods-PizzaWorldTests.debug.xcconfig */ = {isa = PBXFileReference; includeInIndex = 1; lastKnownFileType = text.xcconfig; name = "Pods-PizzaWorldTests.debug.xcconfig"; path = "Target Support Files/Pods-PizzaWorldTests/Pods-PizzaWorldTests.debug.xcconfig"; sourceTree = "<group>"; };
		E70D89DEEF39F46C34CED2F9 /* Pods-PizzaWorld-PizzaWorldUITests.debug.xcconfig */ = {isa = PBXFileReference; includeInIndex = 1; lastKnownFileType = text.xcconfig; name = "Pods-PizzaWorld-PizzaWorldUITests.debug.xcconfig"; path = "Target Support Files/Pods-PizzaWorld-PizzaWorldUITests/Pods-PizzaWorld-PizzaWorldUITests.debug.xcconfig"; sourceTree = "<group>"; };
		E77EF33A5EC7A4C8AFA32CF4 /* Pods_PizzaWorld_PizzaWorldUITests.framework */ = {isa = PBXFileReference; explicitFileType = wrapper.framework; includeInIndex = 0; path = Pods_PizzaWorld_PizzaWorldUITests.framework; sourceTree = BUILT_PRODUCTS_DIR; };
		EB61B72B688678D6A0BD3C6C /* Pods-PizzaWorld.debug.xcconfig */ = {isa = PBXFileReference; includeInIndex = 1; lastKnownFileType = text.xcconfig; name = "Pods-PizzaWorld.debug.xcconfig"; path = "Target Support Files/Pods-PizzaWorld/Pods-PizzaWorld.debug.xcconfig"; sourceTree = "<group>"; };
/* End PBXFileReference section */

/* Begin PBXFrameworksBuildPhase section */
		0361B4C22537651000FFEF05 /* Frameworks */ = {
			isa = PBXFrameworksBuildPhase;
			buildActionMask = 2147483647;
			files = (
				C005A28DAA3B5FCF4B33C127 /* Pods_PizzaWorld.framework in Frameworks */,
			);
			runOnlyForDeploymentPostprocessing = 0;
		};
		0361B4D82537651300FFEF05 /* Frameworks */ = {
			isa = PBXFrameworksBuildPhase;
			buildActionMask = 2147483647;
			files = (
				BB1D742EEF500475BE6C1F1D /* Pods_PizzaWorldTests.framework in Frameworks */,
			);
			runOnlyForDeploymentPostprocessing = 0;
		};
		0361B4E32537651300FFEF05 /* Frameworks */ = {
			isa = PBXFrameworksBuildPhase;
			buildActionMask = 2147483647;
			files = (
				DBB2C835F623DFC272B3A3E5 /* Pods_PizzaWorld_PizzaWorldUITests.framework in Frameworks */,
			);
			runOnlyForDeploymentPostprocessing = 0;
		};
/* End PBXFrameworksBuildPhase section */

/* Begin PBXGroup section */
		0301EE9A253F4CAB00D8D369 /* UseCases */ = {
			isa = PBXGroup;
			children = (
				0301EE9B253F4CB800D8D369 /* HomeUseCase.swift */,
			);
			path = UseCases;
			sourceTree = "<group>";
		};
		0301EEA3253F506300D8D369 /* PizzaGenerator */ = {
			isa = PBXGroup;
			children = (
				0301EEA4253F506D00D8D369 /* Scenes */,
			);
			path = PizzaGenerator;
			sourceTree = "<group>";
		};
		0301EEA4253F506D00D8D369 /* Scenes */ = {
			isa = PBXGroup;
			children = (
				0301EEA5253F507300D8D369 /* PizzaMakerOptionsSelectorVC */,
				0301EEAE253F514F00D8D369 /* PizzaMakerVC */,
			);
			path = Scenes;
			sourceTree = "<group>";
		};
		0301EEA5253F507300D8D369 /* PizzaMakerOptionsSelectorVC */ = {
			isa = PBXGroup;
			children = (
				0301EEBA253F517700D8D369 /* ViewModel */,
				0301EEA6253F509100D8D369 /* PizzaMakerOptionsSelectorVC.swift */,
				0301EEA7253F509100D8D369 /* PizzaMakerOptionsSelectorVC.xib */,
			);
			path = PizzaMakerOptionsSelectorVC;
			sourceTree = "<group>";
		};
		0301EEAE253F514F00D8D369 /* PizzaMakerVC */ = {
			isa = PBXGroup;
			children = (
				0301EEB9253F517200D8D369 /* ViewModel */,
				0301EEAF253F516C00D8D369 /* PizzaMakerVC.swift */,
				0301EEB0253F516C00D8D369 /* PizzaMakerVC.xib */,
				0301EEF7253F685500D8D369 /* DataSources */,
				0301EEE0253F672A00D8D369 /* Cells */,
			);
			path = PizzaMakerVC;
			sourceTree = "<group>";
		};
		0301EEB9253F517200D8D369 /* ViewModel */ = {
			isa = PBXGroup;
			children = (
				0301EEC0253F51A500D8D369 /* PizzaMakerViewModel.swift */,
				0395923A253F78D400AF9B1C /* PizzaCategoryViewModel.swift */,
				0395924E253F7EFC00AF9B1C /* PizzaCategoryItemViewModel.swift */,
				0301EEDB253F64F300D8D369 /* PizzaOptionsViewModel.swift */,
			);
			path = ViewModel;
			sourceTree = "<group>";
		};
		0301EEBA253F517700D8D369 /* ViewModel */ = {
			isa = PBXGroup;
			children = (
				0301EEC4253F51F000D8D369 /* PizzaMakerOptionsSelectorViewModel.swift */,
			);
			path = ViewModel;
			sourceTree = "<group>";
		};
		0301EED2253F61BE00D8D369 /* PizzaMaker */ = {
			isa = PBXGroup;
			children = (
				0301EED3253F61C600D8D369 /* PizzaOptions.swift */,
				03959232253F77B800AF9B1C /* PizzaCategory.swift */,
			);
			path = PizzaMaker;
			sourceTree = "<group>";
		};
		0301EEE0253F672A00D8D369 /* Cells */ = {
			isa = PBXGroup;
			children = (
				0301EEEC253F674800D8D369 /* ItemCell */,
				0301EEE1253F672F00D8D369 /* CategoryCell */,
			);
			path = Cells;
			sourceTree = "<group>";
		};
		0301EEE1253F672F00D8D369 /* CategoryCell */ = {
			isa = PBXGroup;
			children = (
				0301EEE2253F674400D8D369 /* CategoryCell.swift */,
				0301EEE3253F674400D8D369 /* CategoryCell.xib */,
			);
			path = CategoryCell;
			sourceTree = "<group>";
		};
		0301EEEC253F674800D8D369 /* ItemCell */ = {
			isa = PBXGroup;
			children = (
				0301EEED253F675100D8D369 /* ItemCell.swift */,
				0301EEEE253F675100D8D369 /* ItemCell.xib */,
			);
			path = ItemCell;
			sourceTree = "<group>";
		};
		0301EEF7253F685500D8D369 /* DataSources */ = {
			isa = PBXGroup;
			children = (
				0301EEF8253F689500D8D369 /* CategoriesDataSource.swift */,
				0301EEFD253F68BB00D8D369 /* CategoriesItemsDataSource.swift */,
			);
			path = DataSources;
			sourceTree = "<group>";
		};
		034047F4253B6FC60032A79F /* PizzaButton */ = {
			isa = PBXGroup;
			children = (
				034047F5253B6FD90032A79F /* PizzaButton.swift */,
			);
			path = PizzaButton;
			sourceTree = "<group>";
		};
		034047FF253B735F0032A79F /* Cart */ = {
			isa = PBXGroup;
			children = (
				0368C5C7253B7D8500EFFD39 /* Cells */,
				03404800253B73850032A79F /* Cart.storyboard */,
				03404805253B73A80032A79F /* CartViewController.swift */,
				0340480F253B73FC0032A79F /* CartViewModel.swift */,
			);
			path = Cart;
			sourceTree = "<group>";
		};
		0361B4BC2537651000FFEF05 = {
			isa = PBXGroup;
			children = (
				0361B4C72537651000FFEF05 /* PizzaWorld */,
				0361B4DE2537651300FFEF05 /* PizzaWorldTests */,
				0361B4E92537651300FFEF05 /* PizzaWorldUITests */,
				0361B4C62537651000FFEF05 /* Products */,
				E965B961E7283F9BEB79D3C0 /* Pods */,
				F7494D3D145CCBBC2E8ECCE0 /* Frameworks */,
			);
			sourceTree = "<group>";
		};
		0361B4C62537651000FFEF05 /* Products */ = {
			isa = PBXGroup;
			children = (
				0361B4C52537651000FFEF05 /* PizzaWorld.app */,
				0361B4DB2537651300FFEF05 /* PizzaWorldTests.xctest */,
				0361B4E62537651300FFEF05 /* PizzaWorldUITests.xctest */,
			);
			name = Products;
			sourceTree = "<group>";
		};
		0361B4C72537651000FFEF05 /* PizzaWorld */ = {
			isa = PBXGroup;
			children = (
				0368C763253E256D00EFFD39 /* Domain */,
				0361B52A253777C300FFEF05 /* Core */,
				0361B51525376B8700FFEF05 /* Extensions */,
				0361B51425376B8300FFEF05 /* Utility */,
				0361B51325376B8000FFEF05 /* Modules */,
				0361B51225376B7B00FFEF05 /* Common */,
				0361B4D62537651200FFEF05 /* Info.plist */,
			);
			path = PizzaWorld;
			sourceTree = "<group>";
		};
		0361B4DE2537651300FFEF05 /* PizzaWorldTests */ = {
			isa = PBXGroup;
			children = (
				0361B4DF2537651300FFEF05 /* PizzaWorldTests.swift */,
				0361B4E12537651300FFEF05 /* Info.plist */,
			);
			path = PizzaWorldTests;
			sourceTree = "<group>";
		};
		0361B4E92537651300FFEF05 /* PizzaWorldUITests */ = {
			isa = PBXGroup;
			children = (
				0361B4EA2537651300FFEF05 /* PizzaWorldUITests.swift */,
				0361B4EC2537651300FFEF05 /* Info.plist */,
			);
			path = PizzaWorldUITests;
			sourceTree = "<group>";
		};
		0361B51225376B7B00FFEF05 /* Common */ = {
			isa = PBXGroup;
			children = (
				0361B4C82537651000FFEF05 /* AppDelegate.swift */,
				0361B4D12537651200FFEF05 /* Assets.xcassets */,
				0361B4D32537651200FFEF05 /* LaunchScreen.storyboard */,
			);
			path = Common;
			sourceTree = "<group>";
		};
		0361B51325376B8000FFEF05 /* Modules */ = {
			isa = PBXGroup;
			children = (
				0301EEA3253F506300D8D369 /* PizzaGenerator */,
				034047FF253B735F0032A79F /* Cart */,
				0361B5A72538DE8900FFEF05 /* ItemDetails */,
				0361B51625376BE000FFEF05 /* Home */,
			);
			path = Modules;
			sourceTree = "<group>";
		};
		0361B51425376B8300FFEF05 /* Utility */ = {
			isa = PBXGroup;
			children = (
				0368C72C253E048A00EFFD39 /* Network */,
				0368C5F0253B83A900EFFD39 /* CartManager */,
				0361B57F2538C69B00FFEF05 /* Coordinator */,
				0361B56C2538BB2A00FFEF05 /* CustomTabBar */,
				03DD523A253B5A3900D2ADB7 /* NibLoadingView.swift */,
				03404814253B74870032A79F /* AppStoryboard.swift */,
			);
			path = Utility;
			sourceTree = "<group>";
		};
		0361B51525376B8700FFEF05 /* Extensions */ = {
			isa = PBXGroup;
			children = (
				0361B52025376DF800FFEF05 /* UICollectionView+Extensions.swift */,
				0361B55B2538B7B900FFEF05 /* UITableView+Extensions.swift */,
				0361B5252537704900FFEF05 /* UIView+Extensions.swift */,
				0361B57A2538C12D00FFEF05 /* UIColor+Extensions.swift */,
				034047FA253B727F0032A79F /* UIStackView+Extensions.swift */,
			);
			path = Extensions;
			sourceTree = "<group>";
		};
		0361B51625376BE000FFEF05 /* Home */ = {
			isa = PBXGroup;
			children = (
				0361B51825376C0A00FFEF05 /* Cells */,
				0361B51725376BEC00FFEF05 /* View */,
			);
			path = Home;
			sourceTree = "<group>";
		};
		0361B51725376BEC00FFEF05 /* View */ = {
			isa = PBXGroup;
			children = (
				0361B50B2537670A00FFEF05 /* HomeViewController.xib */,
				0361B50A2537670A00FFEF05 /* HomeViewController.swift */,
				0361B53B253785AD00FFEF05 /* HomeViewModel.swift */,
				0368C759253E124000EFFD39 /* SliderViewModel.swift */,
			);
			path = View;
			sourceTree = "<group>";
		};
		0361B51825376C0A00FFEF05 /* Cells */ = {
			isa = PBXGroup;
			children = (
				0361B51925376C1900FFEF05 /* SliderCell.swift */,
				0361B51A25376C1900FFEF05 /* SliderCell.xib */,
				0361B5542538B39C00FFEF05 /* PopularCell.swift */,
				0361B5552538B39C00FFEF05 /* PopularCell.xib */,
			);
			path = Cells;
			sourceTree = "<group>";
		};
		0361B52A253777C300FFEF05 /* Core */ = {
			isa = PBXGroup;
			children = (
				0361B52B253777C800FFEF05 /* Views */,
				0361B59A2538CED600FFEF05 /* BaseWireframe.swift */,
				0368C76E253E2B4A00EFFD39 /* BaseViewModel.swift */,
			);
			path = Core;
			sourceTree = "<group>";
		};
		0361B52B253777C800FFEF05 /* Views */ = {
			isa = PBXGroup;
			children = (
				034047F4253B6FC60032A79F /* PizzaButton */,
				03DD5280253B6B0000D2ADB7 /* PizzaOptionsView */,
				03DD526A253B69D700D2ADB7 /* TextViewComponent */,
				03DD525C253B672F00D2ADB7 /* QuantityView */,
				03DD522C253B58C000D2ADB7 /* SizesSelectorView */,
				0361B52C253777CD00FFEF05 /* RatingView */,
			);
			path = Views;
			sourceTree = "<group>";
		};
		0361B52C253777CD00FFEF05 /* RatingView */ = {
			isa = PBXGroup;
			children = (
				0361B52D253777DC00FFEF05 /* RatingView.swift */,
			);
			path = RatingView;
			sourceTree = "<group>";
		};
		0361B5602538B7F500FFEF05 /* Model */ = {
			isa = PBXGroup;
			children = (
				0301EED2253F61BE00D8D369 /* PizzaMaker */,
				0368C753253E102B00EFFD39 /* NetworkModels */,
				0361B5612538B7FD00FFEF05 /* Product.swift */,
				0368C5E6253B81F300EFFD39 /* CartItem.swift */,
				03DD5244253B5D0C00D2ADB7 /* Size.swift */,
				0368C74E253E0CE000EFFD39 /* Slider.swift */,
			);
			path = Model;
			sourceTree = "<group>";
		};
		0361B56C2538BB2A00FFEF05 /* CustomTabBar */ = {
			isa = PBXGroup;
			children = (
				0361B56D2538BB4E00FFEF05 /* CustomTabBarController.swift */,
				0361B5752538BF4600FFEF05 /* CustomTabBar.swift */,
			);
			path = CustomTabBar;
			sourceTree = "<group>";
		};
		0361B57F2538C69B00FFEF05 /* Coordinator */ = {
			isa = PBXGroup;
			children = (
				0361B5802538C6A600FFEF05 /* AppCoordinator.swift */,
				0361B5912538C90400FFEF05 /* Protocols */,
				0361B5882538C8EF00FFEF05 /* Navigators */,
			);
			path = Coordinator;
			sourceTree = "<group>";
		};
		0361B5882538C8EF00FFEF05 /* Navigators */ = {
			isa = PBXGroup;
			children = (
				0361B5892538C8F900FFEF05 /* MainNavigator.swift */,
				0340480A253B73DD0032A79F /* CartNavigator.swift */,
				0301EECD253F522D00D8D369 /* PizzaNavigator.swift */,
			);
			path = Navigators;
			sourceTree = "<group>";
		};
		0361B5912538C90400FFEF05 /* Protocols */ = {
			isa = PBXGroup;
			children = (
				0361B5922538C90B00FFEF05 /* Navigator.swift */,
			);
			path = Protocols;
			sourceTree = "<group>";
		};
		0361B5A72538DE8900FFEF05 /* ItemDetails */ = {
			isa = PBXGroup;
			children = (
				03DD527F253B6AEE00D2ADB7 /* BottomView */,
				0361B5B72538E5D200FFEF05 /* ViewModel */,
				0361B5A82538DEB600FFEF05 /* ItemDetailsViewController.swift */,
				0361B5A92538DEB600FFEF05 /* ItemDetailsViewController.xib */,
				0361B5B22538DECE00FFEF05 /* ItemDetailsViewModel.swift */,
			);
			path = ItemDetails;
			sourceTree = "<group>";
		};
		0361B5B72538E5D200FFEF05 /* ViewModel */ = {
			isa = PBXGroup;
			children = (
				0361B5B82538E5DA00FFEF05 /* ProductViewModel.swift */,
			);
			path = ViewModel;
			sourceTree = "<group>";
		};
		0368C5C7253B7D8500EFFD39 /* Cells */ = {
			isa = PBXGroup;
			children = (
				0368C5CF253B7DA400EFFD39 /* Header */,
				0368C5D0253B7DAA00EFFD39 /* ItemCell */,
				0368C5D1253B7DAD00EFFD39 /* TotalFooter */,
			);
			path = Cells;
			sourceTree = "<group>";
		};
		0368C5CF253B7DA400EFFD39 /* Header */ = {
			isa = PBXGroup;
			children = (
				0368C5C8253B7D9E00EFFD39 /* CartHeaderCell.swift */,
				0368C5C9253B7D9E00EFFD39 /* CartHeaderCell.xib */,
				0368C5F6253B8A2900EFFD39 /* CartHeaderViewModel.swift */,
			);
			path = Header;
			sourceTree = "<group>";
		};
		0368C5D0253B7DAA00EFFD39 /* ItemCell */ = {
			isa = PBXGroup;
			children = (
				0368C5D2253B7DCB00EFFD39 /* CartItemCell.swift */,
				0368C5D3253B7DCB00EFFD39 /* CartItemCell.xib */,
				0368C5EB253B829A00EFFD39 /* CartItemViewModel.swift */,
			);
			path = ItemCell;
			sourceTree = "<group>";
		};
		0368C5D1253B7DAD00EFFD39 /* TotalFooter */ = {
			isa = PBXGroup;
			children = (
				0368C5D9253B7DE800EFFD39 /* CartTotalFooterCell.swift */,
				0368C5DA253B7DE800EFFD39 /* CartTotalFooterCell.xib */,
			);
			path = TotalFooter;
			sourceTree = "<group>";
		};
		0368C5F0253B83A900EFFD39 /* CartManager */ = {
			isa = PBXGroup;
			children = (
				0368C5F1253B83BA00EFFD39 /* CartManager.swift */,
			);
			path = CartManager;
			sourceTree = "<group>";
		};
		0368C72C253E048A00EFFD39 /* Network */ = {
			isa = PBXGroup;
			children = (
				0368C748253E0C0000EFFD39 /* Protocols */,
				0368C730253E049D00EFFD39 /* MainRouter.swift */,
				0368C75E253E147000EFFD39 /* FeedRouter.swift */,
				03959228253F747900AF9B1C /* PizzaRouter.swift */,
				0368C738253E067600EFFD39 /* NetworkConstants.swift */,
				0368C743253E0BA700EFFD39 /* NetworkClient.swift */,
			);
			path = Network;
			sourceTree = "<group>";
		};
		0368C748253E0C0000EFFD39 /* Protocols */ = {
			isa = PBXGroup;
			children = (
				0368C749253E0C0A00EFFD39 /* APIRouter.swift */,
			);
			path = Protocols;
			sourceTree = "<group>";
		};
		0368C753253E102B00EFFD39 /* NetworkModels */ = {
			isa = PBXGroup;
			children = (
				0368C754253E103C00EFFD39 /* ResponseObject.swift */,
			);
			path = NetworkModels;
			sourceTree = "<group>";
		};
		0368C763253E256D00EFFD39 /* Domain */ = {
			isa = PBXGroup;
			children = (
				0301EE9A253F4CAB00D8D369 /* UseCases */,
				0368C764253E257300EFFD39 /* Repository */,
				0361B5602538B7F500FFEF05 /* Model */,
			);
			path = Domain;
			sourceTree = "<group>";
		};
		0368C764253E257300EFFD39 /* Repository */ = {
			isa = PBXGroup;
			children = (
				0368C765253E259D00EFFD39 /* HomeRepository */,
			);
			path = Repository;
			sourceTree = "<group>";
		};
		0368C765253E259D00EFFD39 /* HomeRepository */ = {
			isa = PBXGroup;
			children = (
				0368C766253E25B000EFFD39 /* HomeRepository.swift */,
				0395922D253F74AE00AF9B1C /* PizzaRepository.swift */,
			);
			path = HomeRepository;
			sourceTree = "<group>";
		};
		03DD522C253B58C000D2ADB7 /* SizesSelectorView */ = {
			isa = PBXGroup;
			children = (
				03DD5249253B5EAF00D2ADB7 /* Cells */,
				03DD522D253B599700D2ADB7 /* SizesSelectorView.swift */,
				03DD523F253B5C6400D2ADB7 /* SizesSelectorViewModel.swift */,
				03DD5235253B59BC00D2ADB7 /* SizesSelectorView.xib */,
			);
			path = SizesSelectorView;
			sourceTree = "<group>";
		};
		03DD5249253B5EAF00D2ADB7 /* Cells */ = {
			isa = PBXGroup;
			children = (
				03DD5254253B635D00D2ADB7 /* SizeItemCellViewModel.swift */,
				03DD524A253B5EBE00D2ADB7 /* SizeItemCell.swift */,
				03DD524B253B5EBE00D2ADB7 /* SizeItemCell.xib */,
			);
			path = Cells;
			sourceTree = "<group>";
		};
		03DD525C253B672F00D2ADB7 /* QuantityView */ = {
			isa = PBXGroup;
			children = (
				03DD525D253B675E00D2ADB7 /* QuantityView.swift */,
				03DD5265253B676700D2ADB7 /* QuantityView.xib */,
			);
			path = QuantityView;
			sourceTree = "<group>";
		};
		03DD526A253B69D700D2ADB7 /* TextViewComponent */ = {
			isa = PBXGroup;
			children = (
				03DD526B253B69F700D2ADB7 /* PIZZATextView.swift */,
				03DD5270253B6A0500D2ADB7 /* PIZZATextView.xib */,
			);
			path = TextViewComponent;
			sourceTree = "<group>";
		};
		03DD527F253B6AEE00D2ADB7 /* BottomView */ = {
			isa = PBXGroup;
			children = (
			);
			path = BottomView;
			sourceTree = "<group>";
		};
		03DD5280253B6B0000D2ADB7 /* PizzaOptionsView */ = {
			isa = PBXGroup;
			children = (
				03DD5281253B6B1300D2ADB7 /* PizzaOptionsView.swift */,
				03DD5289253B6B1B00D2ADB7 /* PizzaOptionsView.xib */,
			);
			path = PizzaOptionsView;
			sourceTree = "<group>";
		};
		E965B961E7283F9BEB79D3C0 /* Pods */ = {
			isa = PBXGroup;
			children = (
				EB61B72B688678D6A0BD3C6C /* Pods-PizzaWorld.debug.xcconfig */,
				B5FE2855CD8B4B5EAFCD04E9 /* Pods-PizzaWorld.release.xcconfig */,
				E70D89DEEF39F46C34CED2F9 /* Pods-PizzaWorld-PizzaWorldUITests.debug.xcconfig */,
				900726FB76DC10A734BB6AC7 /* Pods-PizzaWorld-PizzaWorldUITests.release.xcconfig */,
				E68F0694B4B6364B1A0A4DEE /* Pods-PizzaWorldTests.debug.xcconfig */,
				188CA497A2703D8B7D4DDD38 /* Pods-PizzaWorldTests.release.xcconfig */,
			);
			path = Pods;
			sourceTree = "<group>";
		};
		F7494D3D145CCBBC2E8ECCE0 /* Frameworks */ = {
			isa = PBXGroup;
			children = (
				08EAFF7C89BE3DA80964B8D1 /* Pods_PizzaWorld.framework */,
				E77EF33A5EC7A4C8AFA32CF4 /* Pods_PizzaWorld_PizzaWorldUITests.framework */,
				61FBF7E9847121E225B4775F /* Pods_PizzaWorldTests.framework */,
			);
			name = Frameworks;
			sourceTree = "<group>";
		};
/* End PBXGroup section */

/* Begin PBXNativeTarget section */
		0361B4C42537651000FFEF05 /* PizzaWorld */ = {
			isa = PBXNativeTarget;
			buildConfigurationList = 0361B4EF2537651300FFEF05 /* Build configuration list for PBXNativeTarget "PizzaWorld" */;
			buildPhases = (
				864ABA74BF41F297DDC5E9E3 /* [CP] Check Pods Manifest.lock */,
				0361B4C12537651000FFEF05 /* Sources */,
				0361B4C22537651000FFEF05 /* Frameworks */,
				0361B4C32537651000FFEF05 /* Resources */,
				3E3D8C7BFDA7F7C59B31CD28 /* [CP] Embed Pods Frameworks */,
			);
			buildRules = (
			);
			dependencies = (
			);
			name = PizzaWorld;
			productName = PizzaWorld;
			productReference = 0361B4C52537651000FFEF05 /* PizzaWorld.app */;
			productType = "com.apple.product-type.application";
		};
		0361B4DA2537651300FFEF05 /* PizzaWorldTests */ = {
			isa = PBXNativeTarget;
			buildConfigurationList = 0361B4F22537651300FFEF05 /* Build configuration list for PBXNativeTarget "PizzaWorldTests" */;
			buildPhases = (
				537273D451F42ADF0115D5A2 /* [CP] Check Pods Manifest.lock */,
				0361B4D72537651300FFEF05 /* Sources */,
				0361B4D82537651300FFEF05 /* Frameworks */,
				0361B4D92537651300FFEF05 /* Resources */,
			);
			buildRules = (
			);
			dependencies = (
				0361B4DD2537651300FFEF05 /* PBXTargetDependency */,
			);
			name = PizzaWorldTests;
			productName = PizzaWorldTests;
			productReference = 0361B4DB2537651300FFEF05 /* PizzaWorldTests.xctest */;
			productType = "com.apple.product-type.bundle.unit-test";
		};
		0361B4E52537651300FFEF05 /* PizzaWorldUITests */ = {
			isa = PBXNativeTarget;
			buildConfigurationList = 0361B4F52537651300FFEF05 /* Build configuration list for PBXNativeTarget "PizzaWorldUITests" */;
			buildPhases = (
				15925D94E149E8C033568815 /* [CP] Check Pods Manifest.lock */,
				0361B4E22537651300FFEF05 /* Sources */,
				0361B4E32537651300FFEF05 /* Frameworks */,
				0361B4E42537651300FFEF05 /* Resources */,
				8366D49BAAAAE3C231EF5327 /* [CP] Embed Pods Frameworks */,
			);
			buildRules = (
			);
			dependencies = (
				0361B4E82537651300FFEF05 /* PBXTargetDependency */,
			);
			name = PizzaWorldUITests;
			productName = PizzaWorldUITests;
			productReference = 0361B4E62537651300FFEF05 /* PizzaWorldUITests.xctest */;
			productType = "com.apple.product-type.bundle.ui-testing";
		};
/* End PBXNativeTarget section */

/* Begin PBXProject section */
		0361B4BD2537651000FFEF05 /* Project object */ = {
			isa = PBXProject;
			attributes = {
				LastSwiftUpdateCheck = 1200;
				LastUpgradeCheck = 1200;
				TargetAttributes = {
					0361B4C42537651000FFEF05 = {
						CreatedOnToolsVersion = 12.0;
					};
					0361B4DA2537651300FFEF05 = {
						CreatedOnToolsVersion = 12.0;
						TestTargetID = 0361B4C42537651000FFEF05;
					};
					0361B4E52537651300FFEF05 = {
						CreatedOnToolsVersion = 12.0;
						TestTargetID = 0361B4C42537651000FFEF05;
					};
				};
			};
			buildConfigurationList = 0361B4C02537651000FFEF05 /* Build configuration list for PBXProject "PizzaWorld" */;
			compatibilityVersion = "Xcode 9.3";
			developmentRegion = en;
			hasScannedForEncodings = 0;
			knownRegions = (
				en,
				Base,
			);
			mainGroup = 0361B4BC2537651000FFEF05;
			productRefGroup = 0361B4C62537651000FFEF05 /* Products */;
			projectDirPath = "";
			projectRoot = "";
			targets = (
				0361B4C42537651000FFEF05 /* PizzaWorld */,
				0361B4DA2537651300FFEF05 /* PizzaWorldTests */,
				0361B4E52537651300FFEF05 /* PizzaWorldUITests */,
			);
		};
/* End PBXProject section */

/* Begin PBXResourcesBuildPhase section */
		0361B4C32537651000FFEF05 /* Resources */ = {
			isa = PBXResourcesBuildPhase;
			buildActionMask = 2147483647;
			files = (
				03DD5266253B676700D2ADB7 /* QuantityView.xib in Resources */,
				0361B4D52537651200FFEF05 /* LaunchScreen.storyboard in Resources */,
				0368C5CB253B7D9E00EFFD39 /* CartHeaderCell.xib in Resources */,
				0368C5DC253B7DE800EFFD39 /* CartTotalFooterCell.xib in Resources */,
				0301EEA9253F509100D8D369 /* PizzaMakerOptionsSelectorVC.xib in Resources */,
				0361B4D22537651200FFEF05 /* Assets.xcassets in Resources */,
				03DD528A253B6B1B00D2ADB7 /* PizzaOptionsView.xib in Resources */,
				0301EEE5253F674400D8D369 /* CategoryCell.xib in Resources */,
				03404801253B73850032A79F /* Cart.storyboard in Resources */,
				0361B5AB2538DEB600FFEF05 /* ItemDetailsViewController.xib in Resources */,
				03DD524D253B5EBE00D2ADB7 /* SizeItemCell.xib in Resources */,
				0301EEB2253F516C00D8D369 /* PizzaMakerVC.xib in Resources */,
				0368C5D5253B7DCB00EFFD39 /* CartItemCell.xib in Resources */,
				0301EEF0253F675100D8D369 /* ItemCell.xib in Resources */,
				0361B5572538B39C00FFEF05 /* PopularCell.xib in Resources */,
				03DD5271253B6A0500D2ADB7 /* PIZZATextView.xib in Resources */,
				0361B51C25376C1900FFEF05 /* SliderCell.xib in Resources */,
				0361B50D2537670A00FFEF05 /* HomeViewController.xib in Resources */,
				03DD5236253B59BC00D2ADB7 /* SizesSelectorView.xib in Resources */,
			);
			runOnlyForDeploymentPostprocessing = 0;
		};
		0361B4D92537651300FFEF05 /* Resources */ = {
			isa = PBXResourcesBuildPhase;
			buildActionMask = 2147483647;
			files = (
			);
			runOnlyForDeploymentPostprocessing = 0;
		};
		0361B4E42537651300FFEF05 /* Resources */ = {
			isa = PBXResourcesBuildPhase;
			buildActionMask = 2147483647;
			files = (
			);
			runOnlyForDeploymentPostprocessing = 0;
		};
/* End PBXResourcesBuildPhase section */

/* Begin PBXShellScriptBuildPhase section */
		15925D94E149E8C033568815 /* [CP] Check Pods Manifest.lock */ = {
			isa = PBXShellScriptBuildPhase;
			buildActionMask = 2147483647;
			files = (
			);
			inputFileListPaths = (
			);
			inputPaths = (
				"${PODS_PODFILE_DIR_PATH}/Podfile.lock",
				"${PODS_ROOT}/Manifest.lock",
			);
			name = "[CP] Check Pods Manifest.lock";
			outputFileListPaths = (
			);
			outputPaths = (
				"$(DERIVED_FILE_DIR)/Pods-PizzaWorld-PizzaWorldUITests-checkManifestLockResult.txt",
			);
			runOnlyForDeploymentPostprocessing = 0;
			shellPath = /bin/sh;
			shellScript = "diff \"${PODS_PODFILE_DIR_PATH}/Podfile.lock\" \"${PODS_ROOT}/Manifest.lock\" > /dev/null\nif [ $? != 0 ] ; then\n    # print error to STDERR\n    echo \"error: The sandbox is not in sync with the Podfile.lock. Run 'pod install' or update your CocoaPods installation.\" >&2\n    exit 1\nfi\n# This output is used by Xcode 'outputs' to avoid re-running this script phase.\necho \"SUCCESS\" > \"${SCRIPT_OUTPUT_FILE_0}\"\n";
			showEnvVarsInLog = 0;
		};
		3E3D8C7BFDA7F7C59B31CD28 /* [CP] Embed Pods Frameworks */ = {
			isa = PBXShellScriptBuildPhase;
			buildActionMask = 2147483647;
			files = (
			);
			inputFileListPaths = (
				"${PODS_ROOT}/Target Support Files/Pods-PizzaWorld/Pods-PizzaWorld-frameworks-${CONFIGURATION}-input-files.xcfilelist",
			);
			name = "[CP] Embed Pods Frameworks";
			outputFileListPaths = (
				"${PODS_ROOT}/Target Support Files/Pods-PizzaWorld/Pods-PizzaWorld-frameworks-${CONFIGURATION}-output-files.xcfilelist",
			);
			runOnlyForDeploymentPostprocessing = 0;
			shellPath = /bin/sh;
			shellScript = "\"${PODS_ROOT}/Target Support Files/Pods-PizzaWorld/Pods-PizzaWorld-frameworks.sh\"\n";
			showEnvVarsInLog = 0;
		};
		537273D451F42ADF0115D5A2 /* [CP] Check Pods Manifest.lock */ = {
			isa = PBXShellScriptBuildPhase;
			buildActionMask = 2147483647;
			files = (
			);
			inputFileListPaths = (
			);
			inputPaths = (
				"${PODS_PODFILE_DIR_PATH}/Podfile.lock",
				"${PODS_ROOT}/Manifest.lock",
			);
			name = "[CP] Check Pods Manifest.lock";
			outputFileListPaths = (
			);
			outputPaths = (
				"$(DERIVED_FILE_DIR)/Pods-PizzaWorldTests-checkManifestLockResult.txt",
			);
			runOnlyForDeploymentPostprocessing = 0;
			shellPath = /bin/sh;
			shellScript = "diff \"${PODS_PODFILE_DIR_PATH}/Podfile.lock\" \"${PODS_ROOT}/Manifest.lock\" > /dev/null\nif [ $? != 0 ] ; then\n    # print error to STDERR\n    echo \"error: The sandbox is not in sync with the Podfile.lock. Run 'pod install' or update your CocoaPods installation.\" >&2\n    exit 1\nfi\n# This output is used by Xcode 'outputs' to avoid re-running this script phase.\necho \"SUCCESS\" > \"${SCRIPT_OUTPUT_FILE_0}\"\n";
			showEnvVarsInLog = 0;
		};
		8366D49BAAAAE3C231EF5327 /* [CP] Embed Pods Frameworks */ = {
			isa = PBXShellScriptBuildPhase;
			buildActionMask = 2147483647;
			files = (
			);
			inputFileListPaths = (
				"${PODS_ROOT}/Target Support Files/Pods-PizzaWorld-PizzaWorldUITests/Pods-PizzaWorld-PizzaWorldUITests-frameworks-${CONFIGURATION}-input-files.xcfilelist",
			);
			name = "[CP] Embed Pods Frameworks";
			outputFileListPaths = (
				"${PODS_ROOT}/Target Support Files/Pods-PizzaWorld-PizzaWorldUITests/Pods-PizzaWorld-PizzaWorldUITests-frameworks-${CONFIGURATION}-output-files.xcfilelist",
			);
			runOnlyForDeploymentPostprocessing = 0;
			shellPath = /bin/sh;
			shellScript = "\"${PODS_ROOT}/Target Support Files/Pods-PizzaWorld-PizzaWorldUITests/Pods-PizzaWorld-PizzaWorldUITests-frameworks.sh\"\n";
			showEnvVarsInLog = 0;
		};
		864ABA74BF41F297DDC5E9E3 /* [CP] Check Pods Manifest.lock */ = {
			isa = PBXShellScriptBuildPhase;
			buildActionMask = 2147483647;
			files = (
			);
			inputFileListPaths = (
			);
			inputPaths = (
				"${PODS_PODFILE_DIR_PATH}/Podfile.lock",
				"${PODS_ROOT}/Manifest.lock",
			);
			name = "[CP] Check Pods Manifest.lock";
			outputFileListPaths = (
			);
			outputPaths = (
				"$(DERIVED_FILE_DIR)/Pods-PizzaWorld-checkManifestLockResult.txt",
			);
			runOnlyForDeploymentPostprocessing = 0;
			shellPath = /bin/sh;
			shellScript = "diff \"${PODS_PODFILE_DIR_PATH}/Podfile.lock\" \"${PODS_ROOT}/Manifest.lock\" > /dev/null\nif [ $? != 0 ] ; then\n    # print error to STDERR\n    echo \"error: The sandbox is not in sync with the Podfile.lock. Run 'pod install' or update your CocoaPods installation.\" >&2\n    exit 1\nfi\n# This output is used by Xcode 'outputs' to avoid re-running this script phase.\necho \"SUCCESS\" > \"${SCRIPT_OUTPUT_FILE_0}\"\n";
			showEnvVarsInLog = 0;
		};
/* End PBXShellScriptBuildPhase section */

/* Begin PBXSourcesBuildPhase section */
		0361B4C12537651000FFEF05 /* Sources */ = {
			isa = PBXSourcesBuildPhase;
			buildActionMask = 2147483647;
			files = (
				0301EE9C253F4CB900D8D369 /* HomeUseCase.swift in Sources */,
				03DD525E253B675E00D2ADB7 /* QuantityView.swift in Sources */,
				0361B5932538C90B00FFEF05 /* Navigator.swift in Sources */,
				0361B5B32538DECE00FFEF05 /* ItemDetailsViewModel.swift in Sources */,
				0301EEDC253F64F300D8D369 /* PizzaOptionsViewModel.swift in Sources */,
				03959229253F747900AF9B1C /* PizzaRouter.swift in Sources */,
				0361B52125376DF800FFEF05 /* UICollectionView+Extensions.swift in Sources */,
				0361B56E2538BB4E00FFEF05 /* CustomTabBarController.swift in Sources */,
				03959233253F77B800AF9B1C /* PizzaCategory.swift in Sources */,
				0361B5762538BF4600FFEF05 /* CustomTabBar.swift in Sources */,
				03404810253B73FC0032A79F /* CartViewModel.swift in Sources */,
				0368C5EC253B829A00EFFD39 /* CartItemViewModel.swift in Sources */,
				03DD523B253B5A3900D2ADB7 /* NibLoadingView.swift in Sources */,
				034047FB253B727F0032A79F /* UIStackView+Extensions.swift in Sources */,
				0361B4C92537651000FFEF05 /* AppDelegate.swift in Sources */,
				0361B53C253785AD00FFEF05 /* HomeViewModel.swift in Sources */,
				0361B5AA2538DEB600FFEF05 /* ItemDetailsViewController.swift in Sources */,
				0361B5262537704900FFEF05 /* UIView+Extensions.swift in Sources */,
				0368C5D4253B7DCB00EFFD39 /* CartItemCell.swift in Sources */,
				0361B55C2538B7B900FFEF05 /* UITableView+Extensions.swift in Sources */,
				034047F6253B6FD90032A79F /* PizzaButton.swift in Sources */,
				0368C5F7253B8A2900EFFD39 /* CartHeaderViewModel.swift in Sources */,
				03404815253B74870032A79F /* AppStoryboard.swift in Sources */,
				0368C75A253E124000EFFD39 /* SliderViewModel.swift in Sources */,
				0368C5F2253B83BA00EFFD39 /* CartManager.swift in Sources */,
				0361B59B2538CED600FFEF05 /* BaseWireframe.swift in Sources */,
				0301EEEF253F675100D8D369 /* ItemCell.swift in Sources */,
				0368C74A253E0C0A00EFFD39 /* APIRouter.swift in Sources */,
				0301EEC9253F520400D8D369 /* PizzaMakerViewModel.swift in Sources */,
				0361B52E253777DC00FFEF05 /* RatingView.swift in Sources */,
				0368C5CA253B7D9E00EFFD39 /* CartHeaderCell.swift in Sources */,
				0301EEC5253F51F000D8D369 /* PizzaMakerOptionsSelectorViewModel.swift in Sources */,
				0368C767253E25B000EFFD39 /* HomeRepository.swift in Sources */,
				03DD5240253B5C6400D2ADB7 /* SizesSelectorViewModel.swift in Sources */,
				0301EECE253F522D00D8D369 /* PizzaNavigator.swift in Sources */,
				0395923B253F78D400AF9B1C /* PizzaCategoryViewModel.swift in Sources */,
				0368C731253E049D00EFFD39 /* MainRouter.swift in Sources */,
				0361B5562538B39C00FFEF05 /* PopularCell.swift in Sources */,
				0368C74F253E0CE000EFFD39 /* Slider.swift in Sources */,
				0340480B253B73DD0032A79F /* CartNavigator.swift in Sources */,
				0301EED4253F61C600D8D369 /* PizzaOptions.swift in Sources */,
				0301EEB1253F516C00D8D369 /* PizzaMakerVC.swift in Sources */,
				03DD526C253B69F700D2ADB7 /* PIZZATextView.swift in Sources */,
				03DD524C253B5EBE00D2ADB7 /* SizeItemCell.swift in Sources */,
				0368C76F253E2B4A00EFFD39 /* BaseViewModel.swift in Sources */,
				0368C75F253E147000EFFD39 /* FeedRouter.swift in Sources */,
				0361B5B92538E5DA00FFEF05 /* ProductViewModel.swift in Sources */,
				03DD5245253B5D0C00D2ADB7 /* Size.swift in Sources */,
				0301EEFE253F68BB00D8D369 /* CategoriesItemsDataSource.swift in Sources */,
				0361B51B25376C1900FFEF05 /* SliderCell.swift in Sources */,
				0361B57B2538C12D00FFEF05 /* UIColor+Extensions.swift in Sources */,
				0395924F253F7EFC00AF9B1C /* PizzaCategoryItemViewModel.swift in Sources */,
				0361B5812538C6A600FFEF05 /* AppCoordinator.swift in Sources */,
				0395922E253F74AE00AF9B1C /* PizzaRepository.swift in Sources */,
				0361B5622538B7FD00FFEF05 /* Product.swift in Sources */,
				0368C755253E103C00EFFD39 /* ResponseObject.swift in Sources */,
				03DD5282253B6B1300D2ADB7 /* PizzaOptionsView.swift in Sources */,
				03DD5255253B635D00D2ADB7 /* SizeItemCellViewModel.swift in Sources */,
				03404806253B73A80032A79F /* CartViewController.swift in Sources */,
				0368C739253E067600EFFD39 /* NetworkConstants.swift in Sources */,
				0361B58A2538C8F900FFEF05 /* MainNavigator.swift in Sources */,
				0301EEF9253F689500D8D369 /* CategoriesDataSource.swift in Sources */,
				03DD522E253B599700D2ADB7 /* SizesSelectorView.swift in Sources */,
				0368C744253E0BA700EFFD39 /* NetworkClient.swift in Sources */,
				0301EEA8253F509100D8D369 /* PizzaMakerOptionsSelectorVC.swift in Sources */,
				0361B50C2537670A00FFEF05 /* HomeViewController.swift in Sources */,
				0368C5E7253B81F300EFFD39 /* CartItem.swift in Sources */,
				0368C5DB253B7DE800EFFD39 /* CartTotalFooterCell.swift in Sources */,
				0301EEE4253F674400D8D369 /* CategoryCell.swift in Sources */,
			);
			runOnlyForDeploymentPostprocessing = 0;
		};
		0361B4D72537651300FFEF05 /* Sources */ = {
			isa = PBXSourcesBuildPhase;
			buildActionMask = 2147483647;
			files = (
				0361B4E02537651300FFEF05 /* PizzaWorldTests.swift in Sources */,
			);
			runOnlyForDeploymentPostprocessing = 0;
		};
		0361B4E22537651300FFEF05 /* Sources */ = {
			isa = PBXSourcesBuildPhase;
			buildActionMask = 2147483647;
			files = (
				0361B4EB2537651300FFEF05 /* PizzaWorldUITests.swift in Sources */,
			);
			runOnlyForDeploymentPostprocessing = 0;
		};
/* End PBXSourcesBuildPhase section */

/* Begin PBXTargetDependency section */
		0361B4DD2537651300FFEF05 /* PBXTargetDependency */ = {
			isa = PBXTargetDependency;
			target = 0361B4C42537651000FFEF05 /* PizzaWorld */;
			targetProxy = 0361B4DC2537651300FFEF05 /* PBXContainerItemProxy */;
		};
		0361B4E82537651300FFEF05 /* PBXTargetDependency */ = {
			isa = PBXTargetDependency;
			target = 0361B4C42537651000FFEF05 /* PizzaWorld */;
			targetProxy = 0361B4E72537651300FFEF05 /* PBXContainerItemProxy */;
		};
/* End PBXTargetDependency section */

/* Begin PBXVariantGroup section */
		0361B4D32537651200FFEF05 /* LaunchScreen.storyboard */ = {
			isa = PBXVariantGroup;
			children = (
				0361B4D42537651200FFEF05 /* Base */,
			);
			name = LaunchScreen.storyboard;
			sourceTree = "<group>";
		};
/* End PBXVariantGroup section */

/* Begin XCBuildConfiguration section */
		0361B4ED2537651300FFEF05 /* Debug */ = {
			isa = XCBuildConfiguration;
			buildSettings = {
				ALWAYS_SEARCH_USER_PATHS = NO;
				CLANG_ANALYZER_NONNULL = YES;
				CLANG_ANALYZER_NUMBER_OBJECT_CONVERSION = YES_AGGRESSIVE;
				CLANG_CXX_LANGUAGE_STANDARD = "gnu++14";
				CLANG_CXX_LIBRARY = "libc++";
				CLANG_ENABLE_MODULES = YES;
				CLANG_ENABLE_OBJC_ARC = YES;
				CLANG_ENABLE_OBJC_WEAK = YES;
				CLANG_WARN_BLOCK_CAPTURE_AUTORELEASING = YES;
				CLANG_WARN_BOOL_CONVERSION = YES;
				CLANG_WARN_COMMA = YES;
				CLANG_WARN_CONSTANT_CONVERSION = YES;
				CLANG_WARN_DEPRECATED_OBJC_IMPLEMENTATIONS = YES;
				CLANG_WARN_DIRECT_OBJC_ISA_USAGE = YES_ERROR;
				CLANG_WARN_DOCUMENTATION_COMMENTS = YES;
				CLANG_WARN_EMPTY_BODY = YES;
				CLANG_WARN_ENUM_CONVERSION = YES;
				CLANG_WARN_INFINITE_RECURSION = YES;
				CLANG_WARN_INT_CONVERSION = YES;
				CLANG_WARN_NON_LITERAL_NULL_CONVERSION = YES;
				CLANG_WARN_OBJC_IMPLICIT_RETAIN_SELF = YES;
				CLANG_WARN_OBJC_LITERAL_CONVERSION = YES;
				CLANG_WARN_OBJC_ROOT_CLASS = YES_ERROR;
				CLANG_WARN_QUOTED_INCLUDE_IN_FRAMEWORK_HEADER = YES;
				CLANG_WARN_RANGE_LOOP_ANALYSIS = YES;
				CLANG_WARN_STRICT_PROTOTYPES = YES;
				CLANG_WARN_SUSPICIOUS_MOVE = YES;
				CLANG_WARN_UNGUARDED_AVAILABILITY = YES_AGGRESSIVE;
				CLANG_WARN_UNREACHABLE_CODE = YES;
				CLANG_WARN__DUPLICATE_METHOD_MATCH = YES;
				COPY_PHASE_STRIP = NO;
				DEBUG_INFORMATION_FORMAT = dwarf;
				ENABLE_STRICT_OBJC_MSGSEND = YES;
				ENABLE_TESTABILITY = YES;
				GCC_C_LANGUAGE_STANDARD = gnu11;
				GCC_DYNAMIC_NO_PIC = NO;
				GCC_NO_COMMON_BLOCKS = YES;
				GCC_OPTIMIZATION_LEVEL = 0;
				GCC_PREPROCESSOR_DEFINITIONS = (
					"DEBUG=1",
					"$(inherited)",
				);
				GCC_WARN_64_TO_32_BIT_CONVERSION = YES;
				GCC_WARN_ABOUT_RETURN_TYPE = YES_ERROR;
				GCC_WARN_UNDECLARED_SELECTOR = YES;
				GCC_WARN_UNINITIALIZED_AUTOS = YES_AGGRESSIVE;
				GCC_WARN_UNUSED_FUNCTION = YES;
				GCC_WARN_UNUSED_VARIABLE = YES;
				IPHONEOS_DEPLOYMENT_TARGET = 12.0;
				MTL_ENABLE_DEBUG_INFO = INCLUDE_SOURCE;
				MTL_FAST_MATH = YES;
				ONLY_ACTIVE_ARCH = YES;
				SDKROOT = iphoneos;
				SWIFT_ACTIVE_COMPILATION_CONDITIONS = DEBUG;
				SWIFT_OPTIMIZATION_LEVEL = "-Onone";
			};
			name = Debug;
		};
		0361B4EE2537651300FFEF05 /* Release */ = {
			isa = XCBuildConfiguration;
			buildSettings = {
				ALWAYS_SEARCH_USER_PATHS = NO;
				CLANG_ANALYZER_NONNULL = YES;
				CLANG_ANALYZER_NUMBER_OBJECT_CONVERSION = YES_AGGRESSIVE;
				CLANG_CXX_LANGUAGE_STANDARD = "gnu++14";
				CLANG_CXX_LIBRARY = "libc++";
				CLANG_ENABLE_MODULES = YES;
				CLANG_ENABLE_OBJC_ARC = YES;
				CLANG_ENABLE_OBJC_WEAK = YES;
				CLANG_WARN_BLOCK_CAPTURE_AUTORELEASING = YES;
				CLANG_WARN_BOOL_CONVERSION = YES;
				CLANG_WARN_COMMA = YES;
				CLANG_WARN_CONSTANT_CONVERSION = YES;
				CLANG_WARN_DEPRECATED_OBJC_IMPLEMENTATIONS = YES;
				CLANG_WARN_DIRECT_OBJC_ISA_USAGE = YES_ERROR;
				CLANG_WARN_DOCUMENTATION_COMMENTS = YES;
				CLANG_WARN_EMPTY_BODY = YES;
				CLANG_WARN_ENUM_CONVERSION = YES;
				CLANG_WARN_INFINITE_RECURSION = YES;
				CLANG_WARN_INT_CONVERSION = YES;
				CLANG_WARN_NON_LITERAL_NULL_CONVERSION = YES;
				CLANG_WARN_OBJC_IMPLICIT_RETAIN_SELF = YES;
				CLANG_WARN_OBJC_LITERAL_CONVERSION = YES;
				CLANG_WARN_OBJC_ROOT_CLASS = YES_ERROR;
				CLANG_WARN_QUOTED_INCLUDE_IN_FRAMEWORK_HEADER = YES;
				CLANG_WARN_RANGE_LOOP_ANALYSIS = YES;
				CLANG_WARN_STRICT_PROTOTYPES = YES;
				CLANG_WARN_SUSPICIOUS_MOVE = YES;
				CLANG_WARN_UNGUARDED_AVAILABILITY = YES_AGGRESSIVE;
				CLANG_WARN_UNREACHABLE_CODE = YES;
				CLANG_WARN__DUPLICATE_METHOD_MATCH = YES;
				COPY_PHASE_STRIP = NO;
				DEBUG_INFORMATION_FORMAT = "dwarf-with-dsym";
				ENABLE_NS_ASSERTIONS = NO;
				ENABLE_STRICT_OBJC_MSGSEND = YES;
				GCC_C_LANGUAGE_STANDARD = gnu11;
				GCC_NO_COMMON_BLOCKS = YES;
				GCC_WARN_64_TO_32_BIT_CONVERSION = YES;
				GCC_WARN_ABOUT_RETURN_TYPE = YES_ERROR;
				GCC_WARN_UNDECLARED_SELECTOR = YES;
				GCC_WARN_UNINITIALIZED_AUTOS = YES_AGGRESSIVE;
				GCC_WARN_UNUSED_FUNCTION = YES;
				GCC_WARN_UNUSED_VARIABLE = YES;
				IPHONEOS_DEPLOYMENT_TARGET = 12.0;
				MTL_ENABLE_DEBUG_INFO = NO;
				MTL_FAST_MATH = YES;
				SDKROOT = iphoneos;
				SWIFT_COMPILATION_MODE = wholemodule;
				SWIFT_OPTIMIZATION_LEVEL = "-O";
				VALIDATE_PRODUCT = YES;
			};
			name = Release;
		};
		0361B4F02537651300FFEF05 /* Debug */ = {
			isa = XCBuildConfiguration;
			baseConfigurationReference = EB61B72B688678D6A0BD3C6C /* Pods-PizzaWorld.debug.xcconfig */;
			buildSettings = {
				ASSETCATALOG_COMPILER_APPICON_NAME = AppIcon;
				ASSETCATALOG_COMPILER_GLOBAL_ACCENT_COLOR_NAME = AccentColor;
				CODE_SIGN_STYLE = Automatic;
				DEVELOPMENT_TEAM = 3LX2WT33H2;
				INFOPLIST_FILE = PizzaWorld/Info.plist;
				LD_RUNPATH_SEARCH_PATHS = (
					"$(inherited)",
					"@executable_path/Frameworks",
				);
				PRODUCT_BUNDLE_IDENTIFIER = com.i0sa.PizzaWorld;
				PRODUCT_NAME = "$(TARGET_NAME)";
				SWIFT_VERSION = 5.0;
				TARGETED_DEVICE_FAMILY = "1,2";
			};
			name = Debug;
		};
		0361B4F12537651300FFEF05 /* Release */ = {
			isa = XCBuildConfiguration;
			baseConfigurationReference = B5FE2855CD8B4B5EAFCD04E9 /* Pods-PizzaWorld.release.xcconfig */;
			buildSettings = {
				ASSETCATALOG_COMPILER_APPICON_NAME = AppIcon;
				ASSETCATALOG_COMPILER_GLOBAL_ACCENT_COLOR_NAME = AccentColor;
				CODE_SIGN_STYLE = Automatic;
				DEVELOPMENT_TEAM = 3LX2WT33H2;
				INFOPLIST_FILE = PizzaWorld/Info.plist;
				LD_RUNPATH_SEARCH_PATHS = (
					"$(inherited)",
					"@executable_path/Frameworks",
				);
				PRODUCT_BUNDLE_IDENTIFIER = com.i0sa.PizzaWorld;
				PRODUCT_NAME = "$(TARGET_NAME)";
				SWIFT_VERSION = 5.0;
				TARGETED_DEVICE_FAMILY = "1,2";
			};
			name = Release;
		};
		0361B4F32537651300FFEF05 /* Debug */ = {
			isa = XCBuildConfiguration;
			baseConfigurationReference = E68F0694B4B6364B1A0A4DEE /* Pods-PizzaWorldTests.debug.xcconfig */;
			buildSettings = {
				ALWAYS_EMBED_SWIFT_STANDARD_LIBRARIES = YES;
				BUNDLE_LOADER = "$(TEST_HOST)";
				CODE_SIGN_STYLE = Automatic;
				DEVELOPMENT_TEAM = 3LX2WT33H2;
				INFOPLIST_FILE = PizzaWorldTests/Info.plist;
				IPHONEOS_DEPLOYMENT_TARGET = 14.0;
				LD_RUNPATH_SEARCH_PATHS = (
					"$(inherited)",
					"@executable_path/Frameworks",
					"@loader_path/Frameworks",
				);
				PRODUCT_BUNDLE_IDENTIFIER = com.i0sa.PizzaWorldTests;
				PRODUCT_NAME = "$(TARGET_NAME)";
				SWIFT_VERSION = 5.0;
				TARGETED_DEVICE_FAMILY = "1,2";
				TEST_HOST = "$(BUILT_PRODUCTS_DIR)/PizzaWorld.app/PizzaWorld";
			};
			name = Debug;
		};
		0361B4F42537651300FFEF05 /* Release */ = {
			isa = XCBuildConfiguration;
			baseConfigurationReference = 188CA497A2703D8B7D4DDD38 /* Pods-PizzaWorldTests.release.xcconfig */;
			buildSettings = {
				ALWAYS_EMBED_SWIFT_STANDARD_LIBRARIES = YES;
				BUNDLE_LOADER = "$(TEST_HOST)";
				CODE_SIGN_STYLE = Automatic;
				DEVELOPMENT_TEAM = 3LX2WT33H2;
				INFOPLIST_FILE = PizzaWorldTests/Info.plist;
				IPHONEOS_DEPLOYMENT_TARGET = 14.0;
				LD_RUNPATH_SEARCH_PATHS = (
					"$(inherited)",
					"@executable_path/Frameworks",
					"@loader_path/Frameworks",
				);
				PRODUCT_BUNDLE_IDENTIFIER = com.i0sa.PizzaWorldTests;
				PRODUCT_NAME = "$(TARGET_NAME)";
				SWIFT_VERSION = 5.0;
				TARGETED_DEVICE_FAMILY = "1,2";
				TEST_HOST = "$(BUILT_PRODUCTS_DIR)/PizzaWorld.app/PizzaWorld";
			};
			name = Release;
		};
		0361B4F62537651300FFEF05 /* Debug */ = {
			isa = XCBuildConfiguration;
			baseConfigurationReference = E70D89DEEF39F46C34CED2F9 /* Pods-PizzaWorld-PizzaWorldUITests.debug.xcconfig */;
			buildSettings = {
				ALWAYS_EMBED_SWIFT_STANDARD_LIBRARIES = YES;
				CODE_SIGN_STYLE = Automatic;
				DEVELOPMENT_TEAM = 3LX2WT33H2;
				INFOPLIST_FILE = PizzaWorldUITests/Info.plist;
				LD_RUNPATH_SEARCH_PATHS = (
					"$(inherited)",
					"@executable_path/Frameworks",
					"@loader_path/Frameworks",
				);
				PRODUCT_BUNDLE_IDENTIFIER = com.i0sa.PizzaWorldUITests;
				PRODUCT_NAME = "$(TARGET_NAME)";
				SWIFT_VERSION = 5.0;
				TARGETED_DEVICE_FAMILY = "1,2";
				TEST_TARGET_NAME = PizzaWorld;
			};
			name = Debug;
		};
		0361B4F72537651300FFEF05 /* Release */ = {
			isa = XCBuildConfiguration;
			baseConfigurationReference = 900726FB76DC10A734BB6AC7 /* Pods-PizzaWorld-PizzaWorldUITests.release.xcconfig */;
			buildSettings = {
				ALWAYS_EMBED_SWIFT_STANDARD_LIBRARIES = YES;
				CODE_SIGN_STYLE = Automatic;
				DEVELOPMENT_TEAM = 3LX2WT33H2;
				INFOPLIST_FILE = PizzaWorldUITests/Info.plist;
				LD_RUNPATH_SEARCH_PATHS = (
					"$(inherited)",
					"@executable_path/Frameworks",
					"@loader_path/Frameworks",
				);
				PRODUCT_BUNDLE_IDENTIFIER = com.i0sa.PizzaWorldUITests;
				PRODUCT_NAME = "$(TARGET_NAME)";
				SWIFT_VERSION = 5.0;
				TARGETED_DEVICE_FAMILY = "1,2";
				TEST_TARGET_NAME = PizzaWorld;
			};
			name = Release;
		};
/* End XCBuildConfiguration section */

/* Begin XCConfigurationList section */
		0361B4C02537651000FFEF05 /* Build configuration list for PBXProject "PizzaWorld" */ = {
			isa = XCConfigurationList;
			buildConfigurations = (
				0361B4ED2537651300FFEF05 /* Debug */,
				0361B4EE2537651300FFEF05 /* Release */,
			);
			defaultConfigurationIsVisible = 0;
			defaultConfigurationName = Release;
		};
		0361B4EF2537651300FFEF05 /* Build configuration list for PBXNativeTarget "PizzaWorld" */ = {
			isa = XCConfigurationList;
			buildConfigurations = (
				0361B4F02537651300FFEF05 /* Debug */,
				0361B4F12537651300FFEF05 /* Release */,
			);
			defaultConfigurationIsVisible = 0;
			defaultConfigurationName = Release;
		};
		0361B4F22537651300FFEF05 /* Build configuration list for PBXNativeTarget "PizzaWorldTests" */ = {
			isa = XCConfigurationList;
			buildConfigurations = (
				0361B4F32537651300FFEF05 /* Debug */,
				0361B4F42537651300FFEF05 /* Release */,
			);
			defaultConfigurationIsVisible = 0;
			defaultConfigurationName = Release;
		};
		0361B4F52537651300FFEF05 /* Build configuration list for PBXNativeTarget "PizzaWorldUITests" */ = {
			isa = XCConfigurationList;
			buildConfigurations = (
				0361B4F62537651300FFEF05 /* Debug */,
				0361B4F72537651300FFEF05 /* Release */,
			);
			defaultConfigurationIsVisible = 0;
			defaultConfigurationName = Release;
		};
/* End XCConfigurationList section */
	};
	rootObject = 0361B4BD2537651000FFEF05 /* Project object */;
}
